<Project xmlns="http://schemas.microsoft.com/developer/msbuild/2003">
    <PropertyGroup>
        <ProjectGuid>{BA802C8B-E056-40DD-92FD-40F08EB7DD6A}</ProjectGuid>
        <MainSource>Tee9new.dpr</MainSource>
        <Base>True</Base>
        <Config Condition="'$(Config)'==''">Release</Config>
        <TargetedPlatforms>1025</TargetedPlatforms>
        <AppType>Application</AppType>
        <FrameworkType>VCL</FrameworkType>
        <ProjectVersion>18.8</ProjectVersion>
        <Platform Condition="'$(Platform)'==''">Win32</Platform>
    </PropertyGroup>
    <PropertyGroup Condition="'$(Config)'=='Base' or '$(Base)'!=''">
        <Base>true</Base>
    </PropertyGroup>
    <PropertyGroup Condition="('$(Platform)'=='Win32' and '$(Base)'=='true') or '$(Base_Win32)'!=''">
        <Base_Win32>true</Base_Win32>
        <CfgParent>Base</CfgParent>
        <Base>true</Base>
    </PropertyGroup>
    <PropertyGroup Condition="('$(Platform)'=='Win64' and '$(Base)'=='true') or '$(Base_Win64)'!=''">
        <Base_Win64>true</Base_Win64>
        <CfgParent>Base</CfgParent>
        <Base>true</Base>
    </PropertyGroup>
    <PropertyGroup Condition="'$(Config)'=='Release' or '$(Cfg_1)'!=''">
        <Cfg_1>true</Cfg_1>
        <CfgParent>Base</CfgParent>
        <Base>true</Base>
    </PropertyGroup>
    <PropertyGroup Condition="('$(Platform)'=='iOSDevice64' and '$(Cfg_1)'=='true') or '$(Cfg_1_iOSDevice64)'!=''">
        <Cfg_1_iOSDevice64>true</Cfg_1_iOSDevice64>
        <CfgParent>Cfg_1</CfgParent>
        <Cfg_1>true</Cfg_1>
        <Base>true</Base>
    </PropertyGroup>
    <PropertyGroup Condition="('$(Platform)'=='Win32' and '$(Cfg_1)'=='true') or '$(Cfg_1_Win32)'!=''">
        <Cfg_1_Win32>true</Cfg_1_Win32>
        <CfgParent>Cfg_1</CfgParent>
        <Cfg_1>true</Cfg_1>
        <Base>true</Base>
    </PropertyGroup>
    <PropertyGroup Condition="'$(Config)'=='Debug' or '$(Cfg_2)'!=''">
        <Cfg_2>true</Cfg_2>
        <CfgParent>Base</CfgParent>
        <Base>true</Base>
    </PropertyGroup>
    <PropertyGroup Condition="('$(Platform)'=='iOSDevice64' and '$(Cfg_2)'=='true') or '$(Cfg_2_iOSDevice64)'!=''">
        <Cfg_2_iOSDevice64>true</Cfg_2_iOSDevice64>
        <CfgParent>Cfg_2</CfgParent>
        <Cfg_2>true</Cfg_2>
        <Base>true</Base>
    </PropertyGroup>
    <PropertyGroup Condition="('$(Platform)'=='Win32' and '$(Cfg_2)'=='true') or '$(Cfg_2_Win32)'!=''">
        <Cfg_2_Win32>true</Cfg_2_Win32>
        <CfgParent>Cfg_2</CfgParent>
        <Cfg_2>true</Cfg_2>
        <Base>true</Base>
    </PropertyGroup>
    <PropertyGroup Condition="'$(Base)'!=''">
        <DCC_AssertionsAtRuntime>false</DCC_AssertionsAtRuntime>
        <DCC_DebugInformation>1</DCC_DebugInformation>
        <DCC_E>false</DCC_E>
        <DCC_F>false</DCC_F>
        <DCC_K>false</DCC_K>
        <DCC_N>true</DCC_N>
        <DCC_S>false</DCC_S>
        <DCC_Namespace>Borland.Vcl;Vcl;Vcl.Imaging;Vcl.Touch;Vcl.Samples;Vcl.Shell;System;Xml;Data;Datasnap;Web;Soap;Winapi;VCLTee;System.Win;$(DCC_Namespace)</DCC_Namespace>
        <DCC_MinStackSize>4096</DCC_MinStackSize>
        <DCC_ImageBase>00400000</DCC_ImageBase>
        <DCC_UnitSearchPath>$(TCROOT)\TeeChartVCL\Sources;$(DCC_UnitSearchPath)</DCC_UnitSearchPath>
        <DebugSourcePath>$(BDS)\units;$(TCROOT)\TeeChartVCL\Sources;$(DebugSourcePath)</DebugSourcePath>
        <DCC_UsePackage>Borland.VclX;Borland.VclRtl;Borland.VclDbRtl;Borland.VclBdeRtl;Borland.Vcl;Borland.Delphi;Borland.VclDbCtrls;rtl;vclx;vcl;bdertl;vclactnband;TeeLanguage89;TeePro89;TeeUI89;Tee89;TeeGL89;TeeDB89;$(DCC_UsePackage)</DCC_UsePackage>
        <DCC_SYMBOL_PLATFORM>false</DCC_SYMBOL_PLATFORM>
        <DCC_UNIT_PLATFORM>false</DCC_UNIT_PLATFORM>
        <DCC_UNSAFE_TYPE>true</DCC_UNSAFE_TYPE>
        <DCC_UNSAFE_CODE>true</DCC_UNSAFE_CODE>
        <DCC_UNSAFE_CAST>true</DCC_UNSAFE_CAST>
        <SanitizedProjectName>Tee9New</SanitizedProjectName>
        <VerInfo_IncludeVerInfo>true</VerInfo_IncludeVerInfo>
        <VerInfo_MajorVer>8</VerInfo_MajorVer>
        <VerInfo_Build>46</VerInfo_Build>
        <VerInfo_Locale>1033</VerInfo_Locale>
        <VerInfo_Keys>FileVersion=8.0.0.46;CompanyName=Steema Software;FileDescription=TeeNew;LegalCopyright=Copyright (c) 2001-2006 by David Berneda;ProductName=TeeChart Pro;ProductVersion=8.0.0.0;Comments=www.steema.com</VerInfo_Keys>
    </PropertyGroup>
    <PropertyGroup Condition="'$(Base_Win32)'!=''">
        <DCC_Namespace>Data.Win;Datasnap.Win;Web.Win;Soap.Win;Xml.Win;Bde;$(DCC_Namespace)</DCC_Namespace>
        <BT_BuildType>Debug</BT_BuildType>
        <VerInfo_IncludeVerInfo>true</VerInfo_IncludeVerInfo>
        <VerInfo_Keys>CompanyName=;FileDescription=$(MSBuildProjectName);FileVersion=1.0.0.0;InternalName=;LegalCopyright=;LegalTrademarks=;OriginalFilename=;ProductName=$(MSBuildProjectName);ProductVersion=1.0.0.0;Comments=;ProgramID=com.embarcadero.$(MSBuildProjectName)</VerInfo_Keys>
        <VerInfo_Locale>1033</VerInfo_Locale>
        <Manifest_File>$(BDS)\bin\default_app.manifest</Manifest_File>
        <Icon_MainIcon>Tee9New_Icon.ico</Icon_MainIcon>
        <AppEnableRuntimeThemes>true</AppEnableRuntimeThemes>
        <UWP_DelphiLogo44>$(BDS)\bin\Artwork\Windows\UWP\delphi_UwpDefault_44.png</UWP_DelphiLogo44>
        <UWP_DelphiLogo150>$(BDS)\bin\Artwork\Windows\UWP\delphi_UwpDefault_150.png</UWP_DelphiLogo150>
    </PropertyGroup>
    <PropertyGroup Condition="'$(Base_Win64)'!=''">
        <Manifest_File>$(BDS)\bin\default_app.manifest</Manifest_File>
        <Icon_MainIcon>Tee9New_Icon.ico</Icon_MainIcon>
        <AppEnableRuntimeThemes>true</AppEnableRuntimeThemes>
        <UWP_DelphiLogo44>$(BDS)\bin\Artwork\Windows\UWP\delphi_UwpDefault_44.png</UWP_DelphiLogo44>
        <UWP_DelphiLogo150>$(BDS)\bin\Artwork\Windows\UWP\delphi_UwpDefault_150.png</UWP_DelphiLogo150>
    </PropertyGroup>
    <PropertyGroup Condition="'$(Cfg_1)'!=''">
        <DCC_Define>RELEASE;$(DCC_Define)</DCC_Define>
        <DCC_DebugInformation>0</DCC_DebugInformation>
        <DCC_LocalDebugSymbols>false</DCC_LocalDebugSymbols>
        <DCC_SymbolReferenceInfo>0</DCC_SymbolReferenceInfo>
    </PropertyGroup>
    <PropertyGroup Condition="'$(Cfg_1_iOSDevice64)'!=''">
        <BT_BuildType>Debug</BT_BuildType>
    </PropertyGroup>
    <PropertyGroup Condition="'$(Cfg_1_Win32)'!=''">
        <AppEnableRuntimeThemes>true</AppEnableRuntimeThemes>
        <DCC_UnitSearchPath>$(DCC_UnitSearchPath)</DCC_UnitSearchPath>
        <VerInfo_MajorVer>1</VerInfo_MajorVer>
        <VerInfo_Build>0</VerInfo_Build>
        <VerInfo_Keys>CompanyName=;FileDescription=$(MSBuildProjectName);FileVersion=1.0.0.0;InternalName=;LegalCopyright=;LegalTrademarks=;OriginalFilename=;ProductName=$(MSBuildProjectName);ProductVersion=1.0.0.0;Comments=;ProgramID=com.embarcadero.$(MSBuildProjectName)</VerInfo_Keys>
        <DCC_DebugInformation>2</DCC_DebugInformation>
        <DCC_LocalDebugSymbols>true</DCC_LocalDebugSymbols>
        <AppDPIAwarenessMode>PerMonitor</AppDPIAwarenessMode>
    </PropertyGroup>
    <PropertyGroup Condition="'$(Cfg_2)'!=''">
        <DCC_Define>DEBUG;$(DCC_Define)</DCC_Define>
        <DCC_Optimize>false</DCC_Optimize>
        <DCC_GenerateStackFrames>true</DCC_GenerateStackFrames>
    </PropertyGroup>
    <PropertyGroup Condition="'$(Cfg_2_iOSDevice64)'!=''">
        <BT_BuildType>Debug</BT_BuildType>
    </PropertyGroup>
    <PropertyGroup Condition="'$(Cfg_2_Win32)'!=''">
        <AppEnableRuntimeThemes>true</AppEnableRuntimeThemes>
        <AppDPIAwarenessMode>PerMonitor</AppDPIAwarenessMode>
    </PropertyGroup>
    <ItemGroup>
        <DelphiCompile Include="$(MainSource)">
            <MainSource>MainSource</MainSource>
        </DelphiCompile>
        <DCCReference Include="Main.pas">
            <Form>TeeNewForm</Form>
        </DCCReference>
        <DCCReference Include="Base.pas">
            <Form>BaseForm</Form>
        </DCCReference>
        <DCCReference Include="Welcome.pas">
            <Form>WelcomeForm</Form>
        </DCCReference>
        <DCCReference Include="Gradient_MidColor.pas">
            <Form>GradientMiddle</Form>
        </DCCReference>
        <DCCReference Include="Canvas_OrthoAngle.pas">
            <Form>OrthoAngle</Form>
        </DCCReference>
        <DCCReference Include="BackWall_Gradient.pas">
            <Form>BackWallGradient</Form>
        </DCCReference>
        <DCCReference Include="Legend_Image.pas">
            <Form>LegendImage</Form>
        </DCCReference>
        <DCCReference Include="Chart_SubTitles.pas">
            <Form>SubTitles</Form>
        </DCCReference>
        <DCCReference Include="Base_CustomPos.pas">
            <Form>BaseCustomPos</Form>
        </DCCReference>
        <DCCReference Include="Legend_GenFormat.pas">
            <Form>LegendGenFormat</Form>
        </DCCReference>
        <DCCReference Include="Axis_Behind.pas">
            <Form>AxisBehind</Form>
        </DCCReference>
        <DCCReference Include="AxisTitle_Visible.pas">
            <Form>AxisTitleVisible</Form>
        </DCCReference>
        <DCCReference Include="Axis_Millisec.pas">
            <Form>AxisMillisec</Form>
        </DCCReference>
        <DCCReference Include="Axis_Exponent.pas">
            <Form>AxisLabelExp</Form>
        </DCCReference>
        <DCCReference Include="Axis_MinorGrid.pas">
            <Form>AxisMinorGrid</Form>
        </DCCReference>
        <DCCReference Include="Legend_CustomPos.pas">
            <Form>LegendCustomPos</Form>
        </DCCReference>
        <DCCReference Include="Title_CustomPos.pas">
            <Form>TitleCustomPos</Form>
        </DCCReference>
        <DCCReference Include="Legend_Widths.pas">
            <Form>LegendWidths</Form>
        </DCCReference>
        <DCCReference Include="Legend_CheckBox.pas">
            <Form>LegendCheckbox</Form>
        </DCCReference>
        <DCCReference Include="BackWall_Image.pas">
            <Form>BackWallImage</Form>
        </DCCReference>
        <DCCReference Include="Legend_VertSpa.pas">
            <Form>LegendVertSpa</Form>
        </DCCReference>
        <DCCReference Include="Legend_Symbol.pas">
            <Form>LegendSymbol</Form>
        </DCCReference>
        <DCCReference Include="Legend_TextStyle.pas">
            <Form>LegendStyle</Form>
        </DCCReference>
        <DCCReference Include="Legend_CurrentPage.pas">
            <Form>LegendCurrentPage</Form>
        </DCCReference>
        <DCCReference Include="Legend_FontColor.pas">
            <Form>LegendFontColor</Form>
        </DCCReference>
        <DCCReference Include="Marks_GenFormat.pas">
            <Form>MarksGenFormat</Form>
        </DCCReference>
        <DCCReference Include="Chart_OnBeforeDraw.pas">
            <Form>ChartBeforeDraw</Form>
        </DCCReference>
        <DCCReference Include="Zoom_Direction.pas">
            <Form>ZoomDirection</Form>
        </DCCReference>
        <DCCReference Include="Zoom_MinPix.pas">
            <Form>ZoomMinPixel</Form>
        </DCCReference>
        <DCCReference Include="Zoom_Pen.pas">
            <Form>ZoomPen</Form>
        </DCCReference>
        <DCCReference Include="Marks_Shadow.pas">
            <Form>MarksShadow</Form>
        </DCCReference>
        <DCCReference Include="Marks_Angle.pas">
            <Form>MarksAngle</Form>
        </DCCReference>
        <DCCReference Include="Marks_DrawEvery.pas">
            <Form>MarksEvery</Form>
        </DCCReference>
        <DCCReference Include="Marks_XYStyle.pas">
            <Form>MarksXYStyle</Form>
        </DCCReference>
        <DCCReference Include="Marks_Multi.pas">
            <Form>MarksMulti</Form>
        </DCCReference>
        <DCCReference Include="Marks_Positions.pas">
            <Form>MarksPositions</Form>
        </DCCReference>
        <DCCReference Include="Title_GenFormat.pas">
            <Form>TitleGenFormat</Form>
        </DCCReference>
        <DCCReference Include="Series_Depth.pas">
            <Form>SeriesDepth</Form>
        </DCCReference>
        <DCCReference Include="Line_Stack.pas">
            <Form>LineStack</Form>
        </DCCReference>
        <DCCReference Include="Bar_SideAll.pas">
            <Form>BarSideAll</Form>
        </DCCReference>
        <DCCReference Include="Bar_Image.pas">
            <Form>BarImage</Form>
        </DCCReference>
        <DCCReference Include="Bar_Gradient.pas">
            <Form>BarGradient</Form>
        </DCCReference>
        <DCCReference Include="Bar_StackGroup.pas">
            <Form>BarStackGroup</Form>
        </DCCReference>
        <DCCReference Include="Surface_Sides.pas">
            <Form>SurfaceSides</Form>
        </DCCReference>
        <DCCReference Include="Surface_Smooth.pas">
            <Form>SurfaceSmooth</Form>
        </DCCReference>
        <DCCReference Include="Surface_Irregular.pas">
            <Form>SurfaceFloat</Form>
        </DCCReference>
        <DCCReference Include="Surface_WirePalette.pas">
            <Form>SurfaceWire</Form>
        </DCCReference>
        <DCCReference Include="Pie_Multi.pas">
            <Form>PieMultiple</Form>
        </DCCReference>
        <DCCReference Include="Pie_Shadow.pas">
            <Form>PieShadow</Form>
        </DCCReference>
        <DCCReference Include="Pie_Semi.pas">
            <Form>PieSemi</Form>
        </DCCReference>
        <DCCReference Include="Shape_Image.pas">
            <Form>ShapeImage</Form>
        </DCCReference>
        <DCCReference Include="Shape_VertAlign.pas">
            <Form>ShapeVertAlign</Form>
        </DCCReference>
        <DCCReference Include="Polar_ClockWise.pas">
            <Form>PolarClockWise</Form>
        </DCCReference>
        <DCCReference Include="WindRose_AngleInc.pas">
            <Form>WindAngleInc</Form>
        </DCCReference>
        <DCCReference Include="Point3D_Event.pas">
            <Form>Point3DEvent</Form>
        </DCCReference>
        <DCCReference Include="Clock_Editors.pas">
            <Form>ClockEdi</Form>
        </DCCReference>
        <DCCReference Include="Contour_Levels.pas">
            <Form>ContourLevels</Form>
        </DCCReference>
        <DCCReference Include="ColorGrid_Series.pas">
            <Form>ColorGrid</Form>
        </DCCReference>
        <DCCReference Include="Chart_Gallery.pas">
            <Form>ChartGallery</Form>
        </DCCReference>
        <DCCReference Include="Chart_SubGallery.pas">
            <Form>ChartSubGallery</Form>
        </DCCReference>
        <DCCReference Include="Chart_Transparent.pas">
            <Form>ChartTransparent</Form>
        </DCCReference>
        <DCCReference Include="Editor_Color.pas">
            <Form>EditorColor</Form>
        </DCCReference>
        <DCCReference Include="TeeCustomShape.pas">
            <Form>CustomShape</Form>
        </DCCReference>
        <DCCReference Include="Tool_Cursor.pas">
            <Form>CursorToolDemo</Form>
        </DCCReference>
        <DCCReference Include="Tool_DragMarks.pas">
            <Form>DragMarksToolDemo</Form>
        </DCCReference>
        <DCCReference Include="Tool_AxisArrow.pas">
            <Form>AxisArrowToolDemo</Form>
        </DCCReference>
        <DCCReference Include="Tools_DrawLine.pas">
            <Form>DrawLineToolDemo</Form>
        </DCCReference>
        <DCCReference Include="Tools_Nearest.pas">
            <Form>NearestToolDemo</Form>
        </DCCReference>
        <DCCReference Include="Polar_LabelsInside.pas">
            <Form>PolarLabelsInside</Form>
        </DCCReference>
        <DCCReference Include="Series3D_RangePalette.pas">
            <Form>Series3DRangePalette</Form>
        </DCCReference>
        <DCCReference Include="ColorGrid_Transparent.pas">
            <Form>ColorGridTransparent</Form>
        </DCCReference>
        <DCCReference Include="Candle_CustomColors.pas">
            <Form>CandleCustomColors</Form>
        </DCCReference>
        <DCCReference Include="Pointer_DrawCanvas.pas">
            <Form>PointerDrawCanvas</Form>
        </DCCReference>
        <DCCReference Include="Series_Designer.pas">
            <Form>SeriesDesigner</Form>
        </DCCReference>
        <DCCReference Include="Export_Charts.pas">
            <Form>ExportChartsForm</Form>
        </DCCReference>
        <DCCReference Include="Changes_Misc.pas">
            <Form>ChangesMisc</Form>
        </DCCReference>
        <DCCReference Include="Changes_Package.pas">
            <Form>ChangesPackage</Form>
        </DCCReference>
        <DCCReference Include="Area_Stairs.pas">
            <Form>AreaStairsForm</Form>
        </DCCReference>
        <DCCReference Include="Chart_ListBox.pas">
            <Form>ChartListBoxForm</Form>
        </DCCReference>
        <DCCReference Include="Chart_Commander.pas">
            <Form>TeeCommanderForm</Form>
        </DCCReference>
        <DCCReference Include="Donut_Series.pas">
            <Form>DonutSeriesForm</Form>
        </DCCReference>
        <DCCReference Include="TriSurface_Series.pas">
            <Form>TriSurfaceForm</Form>
        </DCCReference>
        <DCCReference Include="Histogram_Series.pas">
            <Form>HistogramForm</Form>
        </DCCReference>
        <DCCReference Include="HorizLine_Series.pas">
            <Form>HorizLineForm</Form>
        </DCCReference>
        <DCCReference Include="BarJoin_Series.pas">
            <Form>BarJoinForm</Form>
        </DCCReference>
        <DCCReference Include="HighLow_Series.pas">
            <Form>HighLowForm</Form>
        </DCCReference>
        <DCCReference Include="WaterFall_Series.pas">
            <Form>WaterFallForm</Form>
        </DCCReference>
        <DCCReference Include="BoxPlot_Series.pas">
            <Form>BoxPlotForm</Form>
        </DCCReference>
        <DCCReference Include="ChartEditor_Dialog.pas">
            <Form>ChartEditorForm</Form>
        </DCCReference>
        <DCCReference Include="Stochastic_Function.pas">
            <Form>StochasticForm</Form>
        </DCCReference>
        <DCCReference Include="Line_Clickable.pas">
            <Form>LineClickableForm</Form>
        </DCCReference>
        <DCCReference Include="Series_TextSource.pas">
            <Form>SeriesTextSourceForm</Form>
        </DCCReference>
        <DCCReference Include="Chart_WebSource.pas">
            <Form>ChartWebSourceForm</Form>
        </DCCReference>
        <DCCReference Include="Chart_PageNavigator.pas">
            <Form>PageNavigatorForm</Form>
        </DCCReference>
        <DCCReference Include="Legend_Multi.pas">
            <Form>MultiLegendForm</Form>
        </DCCReference>
        <DCCReference Include="Legend_Series.pas">
            <Form>LegendSeriesForm</Form>
        </DCCReference>
        <DCCReference Include="Gallery_Panel.pas">
            <Form>GalleryPanelForm</Form>
        </DCCReference>
        <DCCReference Include="Line_Pattern.pas">
            <Form>LinePatternForm</Form>
        </DCCReference>
        <DCCReference Include="PrintPreview_Multi.pas">
            <Form>PrintPreviewMulti</Form>
        </DCCReference>
        <DCCReference Include="Pyramid_Series.pas">
            <Form>PyramidForm</Form>
        </DCCReference>
        <DCCReference Include="Right_Wall.pas">
            <Form>RightWallForm</Form>
        </DCCReference>
        <DCCReference Include="Tools_ColorBand.pas">
            <Form>ColorBandToolForm</Form>
        </DCCReference>
        <DCCReference Include="Tools_ColorLine.pas">
            <Form>ColorLineForm</Form>
        </DCCReference>
        <DCCReference Include="Chart_Grid.pas">
            <Form>ChartGridForm</Form>
        </DCCReference>
        <DCCReference Include="Chart_EditorPanel.pas">
            <Form>ChartEditorPanelForm</Form>
        </DCCReference>
        <DCCReference Include="Smith_Series.pas">
            <Form>SmithForm</Form>
        </DCCReference>
        <DCCReference Include="Bar_Cylinder.pas">
            <Form>BarCylinderForm</Form>
        </DCCReference>
        <DCCReference Include="Export_Text.pas">
            <Form>ExportTextForm</Form>
        </DCCReference>
        <DCCReference Include="Printing_Bugs.pas">
            <Form>PrintingBugsForm</Form>
        </DCCReference>
        <DCCReference Include="MACD_Function.pas">
            <Form>MACDForm</Form>
        </DCCReference>
        <DCCReference Include="Export_HTML.pas">
            <Form>ExportHTMLForm</Form>
        </DCCReference>
        <DCCReference Include="Export_XML.pas">
            <Form>ExportXMLForm</Form>
        </DCCReference>
        <DCCReference Include="Export_Excel.pas">
            <Form>ExportExcelForm</Form>
        </DCCReference>
        <DCCReference Include="ColorRange_Bug.pas">
            <Form>ColorRangeBug</Form>
        </DCCReference>
        <DCCReference Include="Tool_Rotate.pas">
            <Form>RotateToolForm</Form>
        </DCCReference>
        <DCCReference Include="Area_Origin.pas">
            <Form>AreaOriginForm</Form>
        </DCCReference>
        <DCCReference Include="MomentumDiv_Function.pas">
            <Form>MomentumDivForm</Form>
        </DCCReference>
        <DCCReference Include="Mouse_Wheel.pas">
            <Form>MouseWheelForm</Form>
        </DCCReference>
        <DCCReference Include="Print_Pages.pas">
            <Form>PrintPagesForm</Form>
        </DCCReference>
        <DCCReference Include="Candle_OpenClose.pas">
            <Form>CandleOpenClose</Form>
        </DCCReference>
        <DCCReference Include="RSI_Function.pas">
            <Form>RSICalcForm</Form>
        </DCCReference>
        <DCCReference Include="Canvas_DotPen.pas">
            <Form>CanvasDotPen</Form>
        </DCCReference>
        <DCCReference Include="Assign_Picture.pas">
            <Form>AssignPicture</Form>
        </DCCReference>
        <DCCReference Include="Contour_View2D.pas">
            <Form>ContourView2D</Form>
        </DCCReference>
        <DCCReference Include="Tools_Image.pas">
            <Form>ImageToolForm</Form>
        </DCCReference>
        <DCCReference Include="Axis_LabelAlign.pas">
            <Form>AxisLabelAlignForm</Form>
        </DCCReference>
        <DCCReference Include="Brush_Styles.pas">
            <Form>BrushStyleForm</Form>
        </DCCReference>
        <DCCReference Include="Welcome_All.pas">
            <Form>WelcomeAllForm</Form>
        </DCCReference>
        <DCCReference Include="Canvas_Cone.pas">
            <Form>ConesForm</Form>
        </DCCReference>
        <DCCReference Include="Tool_MarksTip.pas">
            <Form>MarkTipsToolDemo</Form>
        </DCCReference>
        <DCCReference Include="Title_ClickEvent.pas">
            <Form>TitleClickEvent</Form>
        </DCCReference>
        <DCCReference Include="Canvas_Transparency.pas">
            <Form>TransparencyForm</Form>
        </DCCReference>
        <DCCReference Include="Canvas_PyramidTrunc.pas">
            <Form>TruncPyramidForm</Form>
        </DCCReference>
        <DCCReference Include="Tools_Custom.pas">
            <Form>AxisLabelToolDemo</Form>
        </DCCReference>
        <DCCReference Include="Legend_AddText.pas">
            <Form>LegendAddText</Form>
        </DCCReference>
        <DCCReference Include="Exponential_Trend.pas">
            <Form>ExponentialTrendForm</Form>
        </DCCReference>
        <DCCReference Include="Surface_Palette.pas">
            <Form>SurfacePaletteForm</Form>
        </DCCReference>
        <DCCReference Include="Contour_Palette.pas">
            <Form>ContourPaletteForm</Form>
        </DCCReference>
        <DCCReference Include="TeeAxisLabelTool.pas"/>
        <DCCReference Include="Print_Preview.pas">
            <Form>PrintPreviewForm</Form>
        </DCCReference>
        <DCCReference Include="PrintPreview_Navigate.pas">
            <Form>PrintPreviewNavigate</Form>
        </DCCReference>
        <DCCReference Include="Tool_PageNumDemo.pas">
            <Form>PageNumToolDemo</Form>
        </DCCReference>
        <DCCReference Include="Function_ExpMovAve.pas">
            <Form>ExpMovAveForm</Form>
        </DCCReference>
        <DCCReference Include="Function_RootMeanSq.pas">
            <Form>RootMeanSqForm</Form>
        </DCCReference>
        <DCCReference Include="Canvas_GrayScale.pas">
            <Form>GrayScaleForm</Form>
        </DCCReference>
        <DCCReference Include="SeriesType_Line.pas">
            <Form>LineSeriesForm</Form>
        </DCCReference>
        <DCCReference Include="Basic_Features.pas">
            <Form>BasicFeatures</Form>
        </DCCReference>
        <DCCReference Include="SeriesType_Bar.pas">
            <Form>BarSeriesForm</Form>
        </DCCReference>
        <DCCReference Include="SeriesType_Area.pas">
            <Form>AreaSeriesForm</Form>
        </DCCReference>
        <DCCReference Include="TeeCommander_Demo.pas">
            <Form>TeeCommanderDemo</Form>
        </DCCReference>
        <DCCReference Include="FourCharts.pas">
            <Form>FourChartsForm</Form>
        </DCCReference>
        <DCCReference Include="SeriesType_Pie.pas">
            <Form>PieSeriesForm</Form>
        </DCCReference>
        <DCCReference Include="SeriesType_FastLine.pas">
            <Form>FastLineForm</Form>
        </DCCReference>
        <DCCReference Include="Internet_Charts.pas">
            <Form>InternetCharts</Form>
        </DCCReference>
        <DCCReference Include="SeriesType_Candle.pas">
            <Form>CandleForm</Form>
        </DCCReference>
        <DCCReference Include="SeriesType_Volume.pas">
            <Form>VolumeForm</Form>
        </DCCReference>
        <DCCReference Include="Function_CurveFitting.pas">
            <Form>CurveFittingForm</Form>
        </DCCReference>
        <DCCReference Include="SeriesType_Arrow.pas">
            <Form>ArrowSeriesForm</Form>
        </DCCReference>
        <DCCReference Include="SeriesType_Clock.pas">
            <Form>ClockSeriesForm</Form>
        </DCCReference>
        <DCCReference Include="SeriesType_HorizBar.pas">
            <Form>HorizBarSeriesForm</Form>
        </DCCReference>
        <DCCReference Include="SeriesType_Bubble.pas">
            <Form>BubbleSeriesForm</Form>
        </DCCReference>
        <DCCReference Include="SeriesType_Point3D.pas">
            <Form>Point3DSeriesForm</Form>
        </DCCReference>
        <DCCReference Include="SeriesType_Contour.pas">
            <Form>ContourSeriesForm</Form>
        </DCCReference>
        <DCCReference Include="SeriesType_Surface.pas">
            <Form>SurfaceSeriesForm</Form>
        </DCCReference>
        <DCCReference Include="Function_MovAve.pas">
            <Form>MovAveFunctionForm</Form>
        </DCCReference>
        <DCCReference Include="Drag_Bars.pas">
            <Form>DragBarForm</Form>
        </DCCReference>
        <DCCReference Include="Surface_Hole.pas">
            <Form>SurfaceHolesForm</Form>
        </DCCReference>
        <DCCReference Include="CurveFitting_Dynamic.pas">
            <Form>DynamicTrend</Form>
        </DCCReference>
        <DCCReference Include="QualityControl.pas">
            <Form>FormQuality</Form>
        </DCCReference>
        <DCCReference Include="Export_Metafile.pas">
            <Form>MetafileForm</Form>
        </DCCReference>
        <DCCReference Include="Game_PacMan.pas">
            <Form>TeePacForm</Form>
        </DCCReference>
        <DCCReference Include="ChartListBox_Demo.pas">
            <Form>ListBoxForm</Form>
        </DCCReference>
        <DCCReference Include="SeriesType_Radar.pas">
            <Form>RadarForm</Form>
        </DCCReference>
        <DCCReference Include="SeriesType_Polar.pas">
            <Form>PolarForm</Form>
        </DCCReference>
        <DCCReference Include="SeriesType_Point.pas">
            <Form>PointSeriesForm</Form>
        </DCCReference>
        <DCCReference Include="Legend_Scroll.pas">
            <Form>LegendScroll</Form>
        </DCCReference>
        <DCCReference Include="SeriesType_Gantt.pas">
            <Form>GanttSeriesForm</Form>
        </DCCReference>
        <DCCReference Include="SeriesType_Bezier.pas">
            <Form>BezierSeriesForm</Form>
        </DCCReference>
        <DCCReference Include="Series_Calendar.pas">
            <Form>CalendarSeriesForm</Form>
        </DCCReference>
        <DCCReference Include="ValueList_FindMinMax.pas">
            <Form>FindMinMaxValues</Form>
        </DCCReference>
        <DCCReference Include="Axis_MultiRuntime.pas">
            <Form>AxisMultiRuntime</Form>
        </DCCReference>
        <DCCReference Include="Candle_AxisLabels.pas">
            <Form>CandleAxisLabels</Form>
        </DCCReference>
        <DCCReference Include="Line_ColorEachLine.pas">
            <Form>LineColorEachLine</Form>
        </DCCReference>
        <DCCReference Include="Axis_OpaqueZone.pas">
            <Form>AxisOpaqueZone</Form>
        </DCCReference>
        <DCCReference Include="Series_BarNegativeStacked.pas">
            <Form>BarStackNegative</Form>
        </DCCReference>
        <DCCReference Include="ErrorBar_Negative.pas">
            <Form>ErrorBarNegativeForm</Form>
        </DCCReference>
        <DCCReference Include="Function_Bollinger.pas">
            <Form>BollingerForm</Form>
        </DCCReference>
        <DCCReference Include="Axis_MultiScroll.pas">
            <Form>MultiAxisScroll</Form>
        </DCCReference>
        <DCCReference Include="Series_Shape.pas">
            <Form>ShapeSeriesForm</Form>
        </DCCReference>
        <DCCReference Include="Series_Error.pas">
            <Form>ErrorSeriesForm</Form>
        </DCCReference>
        <DCCReference Include="WindRose_Series.pas">
            <Form>WindRoseForm</Form>
        </DCCReference>
        <DCCReference Include="Series_Bar3D.pas">
            <Form>Bar3DForm</Form>
        </DCCReference>
        <DCCReference Include="Surface_XYZFloat.pas">
            <Form>SurfaceFloatOther</Form>
        </DCCReference>
        <DCCReference Include="Series_MyPoint.pas">
            <Form>MyPointSeriesForm</Form>
        </DCCReference>
        <DCCReference Include="Reporting_Tools.pas">
            <Form>ChartReports</Form>
        </DCCReference>
        <DCCReference Include="Chart_Clipboard.pas">
            <Form>ChartClipboard</Form>
        </DCCReference>
        <DCCReference Include="Chart_MultiClipboard.pas">
            <Form>ChartMultiClipboard</Form>
        </DCCReference>
        <DCCReference Include="Chart_Axes.pas">
            <Form>ChartAxesForm</Form>
        </DCCReference>
        <DCCReference Include="Chart_ScrollBar.pas">
            <Form>ChartScrollBarForm</Form>
        </DCCReference>
        <DCCReference Include="ChartEditor_Runtime.pas">
            <Form>ChartEditorRuntime</Form>
        </DCCReference>
        <DCCReference Include="Zoom_Scroll.pas">
            <Form>ZoomScrollForm</Form>
        </DCCReference>
        <DCCReference Include="Function_ADX.pas">
            <Form>ADXFunctionForm</Form>
        </DCCReference>
        <DCCReference Include="Chart_Other.pas">
            <Form>ChartOther</Form>
        </DCCReference>
        <DCCReference Include="Customers.pas">
            <Form>TeeCustomers</Form>
        </DCCReference>
        <DCCReference Include="Function_RSI.pas">
            <Form>RSIFunctionForm</Form>
        </DCCReference>
        <DCCReference Include="Function_MovAveWeighted.pas">
            <Form>MovAveWeightedForm</Form>
        </DCCReference>
        <DCCReference Include="Function_Momentum.pas">
            <Form>MomentumForm</Form>
        </DCCReference>
        <DCCReference Include="Function_Cumulative.pas">
            <Form>CumulativeForm</Form>
        </DCCReference>
        <DCCReference Include="Function_Trend.pas">
            <Form>TrendForm</Form>
        </DCCReference>
        <DCCReference Include="Function_StdDeviation.pas">
            <Form>StdDeviationForm</Form>
        </DCCReference>
        <DCCReference Include="Function_ExpAve.pas">
            <Form>ExpAveForm</Form>
        </DCCReference>
        <DCCReference Include="Function_High.pas">
            <Form>HighForm</Form>
        </DCCReference>
        <DCCReference Include="Function_Average.pas">
            <Form>AverageForm</Form>
        </DCCReference>
        <DCCReference Include="Function_Low.pas">
            <Form>LowForm</Form>
        </DCCReference>
        <DCCReference Include="Function_Count.pas">
            <Form>CountForm</Form>
        </DCCReference>
        <DCCReference Include="Function_Subtract.pas">
            <Form>SubtractForm</Form>
        </DCCReference>
        <DCCReference Include="Function_Add.pas">
            <Form>AddForm</Form>
        </DCCReference>
        <DCCReference Include="Function_Divide.pas">
            <Form>DivideForm</Form>
        </DCCReference>
        <DCCReference Include="Function_Multiply.pas">
            <Form>MultiplyForm</Form>
        </DCCReference>
        <DCCReference Include="Series_BigCandle.pas">
            <Form>BigCandleForm</Form>
        </DCCReference>
        <DCCReference Include="Series_DeltaPoint.pas">
            <Form>DeltaPointForm</Form>
        </DCCReference>
        <DCCReference Include="Series_ImageBar.pas">
            <Form>ImageBarForm</Form>
        </DCCReference>
        <DCCReference Include="Series_ImagePoint.pas">
            <Form>ImagePointForm</Form>
        </DCCReference>
        <DCCReference Include="CurveFitting_Coef.pas">
            <Form>CurveFittingCoef</Form>
        </DCCReference>
        <DCCReference Include="Order_Info.pas">
            <Form>OrderInfo</Form>
        </DCCReference>
        <DCCReference Include="ColorBand_Transparent.pas">
            <Form>ColorBandTransp</Form>
        </DCCReference>
        <DCCReference Include="Tool_DragPoint.pas">
            <Form>DragPointToolDemo</Form>
        </DCCReference>
        <DCCReference Include="Series_Funnel.pas">
            <Form>FunnelSeriesForm</Form>
        </DCCReference>
        <DCCReference Include="Function_AverageNulls.pas">
            <Form>AverageFunctionNulls</Form>
        </DCCReference>
        <DCCReference Include="Print_PreviewDialog.pas">
            <Form>PrintPreviewDialog</Form>
        </DCCReference>
        <DCCReference Include="Commander_Custom.pas">
            <Form>CommanderCustom</Form>
        </DCCReference>
        <DCCReference Include="Tool_Annotation.pas">
            <Form>AnnotationToolForm</Form>
        </DCCReference>
        <DCCReference Include="ColorGrid_Clicked.pas">
            <Form>ColorGridClicked</Form>
        </DCCReference>
        <DCCReference Include="Tools_DrawLineDragged.pas">
            <Form>DrawLineOnDragged</Form>
        </DCCReference>
        <DCCReference Include="Tool_CursorProg.pas">
            <Form>CursorToolProg</Form>
        </DCCReference>
        <DCCReference Include="Gallery_Alternate.pas">
            <Form>GalleryAlternate</Form>
        </DCCReference>
        <DCCReference Include="Commander_Editor.pas">
            <Form>CommanderEditorExample</Form>
        </DCCReference>
        <DCCReference Include="Delphi6_Only.pas">
            <Form>Delphi6Only</Form>
        </DCCReference>
        <DCCReference Include="Candle_OnGetPointer.pas">
            <Form>CandleOnGetPointer</Form>
        </DCCReference>
        <DCCReference Include="Volume_Origin.pas">
            <Form>VolumeOrigin</Form>
        </DCCReference>
        <DCCReference Include="Line_Outline.pas">
            <Form>LineOutline</Form>
        </DCCReference>
        <DCCReference Include="Area_Transparency.pas">
            <Form>AreaTransparency</Form>
        </DCCReference>
        <DCCReference Include="Histogram_Transparency.pas">
            <Form>HistogramTransp</Form>
        </DCCReference>
        <DCCReference Include="Calendar_Buttons.pas">
            <Form>CalendarButtons</Form>
        </DCCReference>
        <DCCReference Include="ChartGrid_Colors.pas">
            <Form>ChartGridColors</Form>
        </DCCReference>
        <DCCReference Include="ChartEditor_PageNum.pas">
            <Form>ChartEditorPageNum</Form>
        </DCCReference>
        <DCCReference Include="PolarRadar_Transparency.pas">
            <Form>PolarRadarTransp</Form>
        </DCCReference>
        <DCCReference Include="TriSurface_Hidding.pas">
            <Form>TriSurfaceHidding</Form>
        </DCCReference>
        <DCCReference Include="ColorLine_DragRepaint.pas">
            <Form>ColorLineDragRepaint</Form>
        </DCCReference>
        <DCCReference Include="MarkTips_MouseDelay.pas">
            <Form>MarksTipMouseDelay</Form>
        </DCCReference>
        <DCCReference Include="Tool_CursorSynchro.pas">
            <Form>CursorSynchro</Form>
        </DCCReference>
        <DCCReference Include="Export_VML.pas">
            <Form>ExportVMLForm</Form>
        </DCCReference>
        <DCCReference Include="Chart_MultiLanguage.pas">
            <Form>ChartMultiLanguage</Form>
        </DCCReference>
        <DCCReference Include="Area_Gradient.pas">
            <Form>AreaGradient</Form>
        </DCCReference>
        <DCCReference Include="Font_Gradient.pas">
            <Form>FontGradient</Form>
        </DCCReference>
        <DCCReference Include="ComboFlat_Demo.pas">
            <Form>ComboFlatForm</Form>
        </DCCReference>
        <DCCReference Include="ChartImage_Demo.pas">
            <Form>ChartImageForm</Form>
        </DCCReference>
        <DCCReference Include="DrawLine_Style.pas">
            <Form>DrawLineStyle</Form>
        </DCCReference>
        <DCCReference Include="PostScript_Demo.pas">
            <Form>PostScriptForm</Form>
        </DCCReference>
        <DCCReference Include="Tool_AnnotationClick.pas">
            <Form>AnnotationClick</Form>
        </DCCReference>
        <DCCReference Include="Gantt_MouseDrag.pas">
            <Form>GanttMouseForm</Form>
        </DCCReference>
        <DCCReference Include="FastLine_Realtime.pas">
            <Form>FastDeleteRealtime</Form>
        </DCCReference>
        <DCCReference Include="Series_BarSize.pas">
            <Form>BarSizeSeriesForm</Form>
        </DCCReference>
        <DCCReference Include="TeeBarSizeSeries.pas"/>
        <DCCReference Include="Chart_Actions.pas">
            <Form>ChartActionsForm</Form>
        </DCCReference>
        <DCCReference Include="Chart_FreeAllSeries.pas">
            <Form>FreeAllSeriesForm</Form>
        </DCCReference>
        <DCCReference Include="ValueList_Modified.pas">
            <Form>ValueListModified</Form>
        </DCCReference>
        <DCCReference Include="Series_ValueList.pas">
            <Form>DynArrays</Form>
        </DCCReference>
        <DCCReference Include="Template_Chart.pas">
            <Form>TemplateChart</Form>
        </DCCReference>
        <DCCReference Include="Canvas_RotCenter.pas">
            <Form>RotationCenter</Form>
        </DCCReference>
        <DCCReference Include="Chart_PrintPreview.pas">
            <Form>ChartPrintPreviewForm</Form>
        </DCCReference>
        <DCCReference Include="Map_Series.pas">
            <Form>MapSeriesForm</Form>
        </DCCReference>
        <DCCReference Include="FastLine_DrawAll.pas">
            <Form>FastLineDrawAll</Form>
        </DCCReference>
        <DCCReference Include="Inspector_Demo.pas">
            <Form>InspectorForm</Form>
        </DCCReference>
        <DCCReference Include="Property_Aliases.pas">
            <Form>PropertyAliases</Form>
        </DCCReference>
        <DCCReference Include="Function_Smoothing.pas">
            <Form>SmoothingFunctionDemo</Form>
        </DCCReference>
        <DCCReference Include="Function_Custom.pas">
            <Form>CustomFunctionDemo</Form>
        </DCCReference>
        <DCCReference Include="Series_MouseEnter.pas">
            <Form>SeriesMouseEnter</Form>
        </DCCReference>
        <DCCReference Include="Axes_ZPosition.pas">
            <Form>AxesZPosition</Form>
        </DCCReference>
        <DCCReference Include="Canvas_180Rotation.pas">
            <Form>Canvas180Rotation</Form>
        </DCCReference>
        <DCCReference Include="ColorGrid_Marks.pas">
            <Form>ColorGridMarks</Form>
        </DCCReference>
        <DCCReference Include="Function_Compression.pas">
            <Form>CompressionDemo</Form>
        </DCCReference>
        <DCCReference Include="Function_CrossPoints.pas">
            <Form>CrossPointsDemo</Form>
        </DCCReference>
        <DCCReference Include="Tool_3DTranspose.pas">
            <Form>TransposeToolDemo</Form>
        </DCCReference>
        <DCCReference Include="GridToChart_Demo.pas">
            <Form>GridToChartDemo</Form>
        </DCCReference>
        <DCCReference Include="Margins_Units.pas">
            <Form>ChartMarginUnits</Form>
        </DCCReference>
        <DCCReference Include="Axes_Offsets.pas">
            <Form>AxesOffsets</Form>
        </DCCReference>
        <DCCReference Include="Contour_SmoothSegments.pas">
            <Form>ContourSmooth</Form>
        </DCCReference>
        <DCCReference Include="Contour_OnBeforeDraw.pas">
            <Form>ContourOnBefore</Form>
        </DCCReference>
        <DCCReference Include="Tool_ExtraLegend.pas">
            <Form>ExtraLegendDemo</Form>
        </DCCReference>
        <DCCReference Include="Wall_Transparency.pas">
            <Form>WallTransparency</Form>
        </DCCReference>
        <DCCReference Include="Axes_LabelsFormat.pas">
            <Form>AxesLabelsFormat</Form>
        </DCCReference>
        <DCCReference Include="Function_CLV.pas">
            <Form>CLVFuncDemo</Form>
        </DCCReference>
        <DCCReference Include="Function_OBV.pas">
            <Form>OBVFuncDemo</Form>
        </DCCReference>
        <DCCReference Include="Tools_SeriesAnim.pas">
            <Form>SeriesAnimDemo</Form>
        </DCCReference>
        <DCCReference Include="Series_PointFigure.pas">
            <Form>PointFigureDemo</Form>
        </DCCReference>
        <DCCReference Include="Surface_Transparency.pas">
            <Form>SurfaceTransp</Form>
        </DCCReference>
        <DCCReference Include="Chart_Shadow.pas">
            <Form>ChartShadow</Form>
        </DCCReference>
        <DCCReference Include="Bubble_Gradient.pas">
            <Form>BubbleGradient</Form>
        </DCCReference>
        <DCCReference Include="Legend_SymbolBorder.pas">
            <Form>LegendSymbolBorder</Form>
        </DCCReference>
        <DCCReference Include="FastLine_Nulls.pas">
            <Form>FastLineNulls</Form>
        </DCCReference>
        <DCCReference Include="Series3D_AddArray.pas">
            <Form>AddArray3D</Form>
        </DCCReference>
        <DCCReference Include="Axes_GridBands.pas">
            <Form>AxesGridBands</Form>
        </DCCReference>
        <DCCReference Include="Gradient_RadialCenter.pas">
            <Form>GradientRadial</Form>
        </DCCReference>
        <DCCReference Include="Chart_RoundPanel.pas">
            <Form>ChartRoundPanel</Form>
        </DCCReference>
        <DCCReference Include="ChartGrid_Grid3D.pas">
            <Form>ChartGrid3D</Form>
        </DCCReference>
        <DCCReference Include="Series_SortLabels.pas">
            <Form>SeriesSortLabel</Form>
        </DCCReference>
        <DCCReference Include="Marks_Callout.pas">
            <Form>MarksCallouts</Form>
        </DCCReference>
        <DCCReference Include="Function_CCI.pas">
            <Form>CCIFuncDemo</Form>
        </DCCReference>
        <DCCReference Include="Function_PVO.pas">
            <Form>PVOFuncdemo</Form>
        </DCCReference>
        <DCCReference Include="XYZ_Gridding.pas">
            <Form>XYZGridding</Form>
        </DCCReference>
        <DCCReference Include="Function_Performance.pas">
            <Form>PerfFuncDemo</Form>
        </DCCReference>
        <DCCReference Include="Marks_PerPoint.pas">
            <Form>MarksPerPoint</Form>
        </DCCReference>
        <DCCReference Include="Pie_AutoMarkPosition.pas">
            <Form>PieAutoMarkPos</Form>
        </DCCReference>
        <DCCReference Include="ColorGrid_Bitmap.pas">
            <Form>ColorGridBitmap</Form>
        </DCCReference>
        <DCCReference Include="ColorLine_Draw3D.pas">
            <Form>ColorLine3D</Form>
        </DCCReference>
        <DCCReference Include="Tool_AnnotationCallout.pas">
            <Form>AnnotationCallout</Form>
        </DCCReference>
        <DCCReference Include="Series_Gauge.pas">
            <Form>GaugeDemo</Form>
        </DCCReference>
        <DCCReference Include="Pie_OtherLegend.pas">
            <Form>PieOtherLegend</Form>
        </DCCReference>
        <DCCReference Include="SeriesType_HorizArea.pas">
            <Form>HorizAreaSeriesForm</Form>
        </DCCReference>
        <DCCReference Include="Bar_SelfStack.pas">
            <Form>BarSelfStack</Form>
        </DCCReference>
        <DCCReference Include="Series_Vector3D.pas">
            <Form>Vector3DSeriesForm</Form>
        </DCCReference>
        <DCCReference Include="Bubble_Transparency.pas">
            <Form>BubbleTransparency</Form>
        </DCCReference>
        <DCCReference Include="SeriesType_Tower.pas">
            <Form>TowerSeriesForm</Form>
        </DCCReference>
        <DCCReference Include="Canvas_AntiAlias.pas">
            <Form>CanvasAntiAlias</Form>
        </DCCReference>
        <DCCReference Include="Circled_Gradient.pas">
            <Form>CircledGradient</Form>
        </DCCReference>
        <DCCReference Include="Preview_CustomDraw.pas">
            <Form>PreviewCustomDraw</Form>
        </DCCReference>
        <DCCReference Include="Canvas_RotatedEllipse.pas">
            <Form>CanvasRotatedEllipse</Form>
        </DCCReference>
        <DCCReference Include="Axis_Items.pas">
            <Form>AxisItemsDemo</Form>
        </DCCReference>
        <DCCReference Include="Polar_Zones.pas">
            <Form>PolarZones</Form>
        </DCCReference>
        <DCCReference Include="Tool_RotateOutline.pas">
            <Form>RotateOutline</Form>
        </DCCReference>
        <DCCReference Include="Tool_Pie.pas">
            <Form>PieToolDemo</Form>
        </DCCReference>
        <DCCReference Include="Axis_LabelsFormat.pas">
            <Form>AxisLabelsFormat</Form>
        </DCCReference>
        <DCCReference Include="BoxSeries_CustomValues.pas">
            <Form>BoxCustomForm</Form>
        </DCCReference>
        <DCCReference Include="Axis_LabelsAlternate.pas">
            <Form>AlternateAxisLabels</Form>
        </DCCReference>
        <DCCReference Include="Bar_TickLines.pas">
            <Form>BarTickLines</Form>
        </DCCReference>
        <DCCReference Include="Series_Bubble3D.pas">
            <Form>Bubble3DSeriesForm</Form>
        </DCCReference>
        <DCCReference Include="ChartListBox_Radio.pas">
            <Form>ChartListBoxRadio</Form>
        </DCCReference>
        <DCCReference Include="Chart_Themes.pas">
            <Form>ChartThemes</Form>
        </DCCReference>
        <DCCReference Include="Function_Mode.pas">
            <Form>ModeFunctionDemo</Form>
        </DCCReference>
        <DCCReference Include="Export_SVG.pas">
            <Form>SVGExportForm</Form>
        </DCCReference>
        <DCCReference Include="Pie_Gradient.pas">
            <Form>PieGradientForm</Form>
        </DCCReference>
        <DCCReference Include="Tool_Lighting.pas">
            <Form>LightToolForm</Form>
        </DCCReference>
        <DCCReference Include="Legend_Title.pas">
            <Form>LegendTitleForm</Form>
        </DCCReference>
        <DCCReference Include="Point3D_BaseLine.pas">
            <Form>Point3DBaseLine</Form>
        </DCCReference>
        <DCCReference Include="Chart_Palettes.pas">
            <Form>CustomPalettes</Form>
        </DCCReference>
        <DCCReference Include="Function_Median.pas">
            <Form>MedianFunctionDemo</Form>
        </DCCReference>
        <DCCReference Include="Function_Correlation.pas">
            <Form>CorrelationFunctionDemo</Form>
        </DCCReference>
        <DCCReference Include="Function_Variance.pas">
            <Form>VarianceDemo</Form>
        </DCCReference>
        <DCCReference Include="Commander_CustomEditor.pas">
            <Form>CommanderCustomEditor</Form>
        </DCCReference>
        <DCCReference Include="ChartListBox_Editor.pas">
            <Form>ChartListBoxEditor</Form>
        </DCCReference>
        <DCCReference Include="Tool_SurfaceNearest.pas">
            <Form>SurfaceNearestForm</Form>
        </DCCReference>
        <DCCReference Include="Marks_Symbols.pas">
            <Form>MarkSymbols</Form>
        </DCCReference>
        <DCCReference Include="Pie_ShadowEllipse.pas">
            <Form>PieShadowEllipse</Form>
        </DCCReference>
        <DCCReference Include="Series_HorizHisto.pas">
            <Form>HorizHistoForm</Form>
        </DCCReference>
        <DCCReference Include="ColorBand_Clicked.pas">
            <Form>ColorBandClicked</Form>
        </DCCReference>
        <DCCReference Include="Axis_DepthTop.pas">
            <Form>DepthTopAxisForm</Form>
        </DCCReference>
        <DCCReference Include="Function_Perimeter.pas">
            <Form>PerimeterDemo</Form>
        </DCCReference>
        <DCCReference Include="Gallery_Smooth.pas">
            <Form>GallerySmooth</Form>
        </DCCReference>
        <DCCReference Include="Canvas_SmoothStretch.pas">
            <Form>CanvasSmoothStretch</Form>
        </DCCReference>
        <DCCReference Include="Wall_AutoHide.pas">
            <Form>WallAutoHide</Form>
        </DCCReference>
        <DCCReference Include="Tool_AxisScroll.pas">
            <Form>AxisScrollToolDemo</Form>
        </DCCReference>
        <DCCReference Include="ColorBand_Drag.pas">
            <Form>ColorBandDrag</Form>
        </DCCReference>
        <DCCReference Include="Legend_Scrollbar.pas">
            <Form>LegendScrollBarDemo</Form>
        </DCCReference>
        <DCCReference Include="Series_PolarBar.pas">
            <Form>PolarBarForm</Form>
        </DCCReference>
        <DCCReference Include="Axis_Isometric.pas">
            <Form>IsometricAxis</Form>
        </DCCReference>
        <DCCReference Include="ChartEditor_3DGallery.pas">
            <Form>Gallery3DForm</Form>
        </DCCReference>
        <DCCReference Include="Axes_DrawBevels.pas">
            <Form>BeveledAxes</Form>
        </DCCReference>
        <DCCReference Include="Legend_SymbolFlags.pas">
            <Form>LegendSymbolDraw</Form>
        </DCCReference>
        <DCCReference Include="Axis_DepthDateTime.pas">
            <Form>DepthAxisDateTime</Form>
        </DCCReference>
        <DCCReference Include="Candle_HighLowPen.pas">
            <Form>CandleHighLowPen</Form>
        </DCCReference>
        <DCCReference Include="Surface_FastBrush.pas">
            <Form>SurfaceFastBrush</Form>
        </DCCReference>
        <DCCReference Include="DesignTime_Options.pas">
            <Form>DesignTimeOptions</Form>
        </DCCReference>
        <DCCReference Include="Pie_SliceHeights.pas">
            <Form>PieSliceHeights</Form>
        </DCCReference>
        <DCCReference Include="Editor_Formatting.pas">
            <Form>FormatEditorDemo</Form>
        </DCCReference>
        <DCCReference Include="Polar_Smooth.pas">
            <Form>PolarSmoothForm</Form>
        </DCCReference>
        <DCCReference Include="Series_Groups.pas">
            <Form>SeriesGroupsForm</Form>
        </DCCReference>
        <DCCReference Include="Axis_FirstLastLabels.pas">
            <Form>FirstLastLabels</Form>
        </DCCReference>
        <DCCReference Include="Contour_Foot.pas">
            <Form>ContourFoot</Form>
        </DCCReference>
        <DCCReference Include="Bar_3DDepth.pas">
            <Form>Bar3DDepth</Form>
        </DCCReference>
        <DCCReference Include="ColorGrid_Realtime.pas">
            <Form>ColorGridRealtime</Form>
        </DCCReference>
        <DCCReference Include="Surface_Smoothing.pas">
            <Form>SurfaceSmoothing</Form>
        </DCCReference>
        <DCCReference Include="TeeSmoothGrid3D.pas"/>
        <DCCReference Include="Function_DownSampling.pas">
            <Form>DownSampling</Form>
        </DCCReference>
        <DCCReference Include="Tool_Antialias.pas">
            <Form>AntialiasToolForm</Form>
        </DCCReference>
        <DCCReference Include="Tool_Fader.pas">
            <Form>FaderToolForm</Form>
        </DCCReference>
        <DCCReference Include="Tool_Frame.pas">
            <Form>FrameToolForm</Form>
        </DCCReference>
        <DCCReference Include="Tool_DataTable.pas">
            <Form>DataTableToolForm</Form>
        </DCCReference>
        <DCCReference Include="Tool_Magnify.pas">
            <Form>MagnifyToolForm</Form>
        </DCCReference>
        <DCCReference Include="Tool_SeriesRegion.pas">
            <Form>SeriesRegionToolForm</Form>
        </DCCReference>
        <DCCReference Include="Tool_SubChart.pas">
            <Form>SubChartToolForm</Form>
        </DCCReference>
        <DCCReference Include="Tool_Banner.pas">
            <Form>BannerToolForm</Form>
        </DCCReference>
        <DCCReference Include="Tool_TransposeSeries.pas">
            <Form>TransposeSeriesToolForm</Form>
        </DCCReference>
        <DCCReference Include="Function_SAR.pas">
            <Form>SARFunctionForm</Form>
        </DCCReference>
        <DCCReference Include="Function_SubSet.pas">
            <Form>SubSetFunctionForm</Form>
        </DCCReference>
        <DCCReference Include="Function_Histogram.pas"/>
        <DCCReference Include="Tool_LegendPalette.pas">
            <Form>LegendPaletteToolForm</Form>
        </DCCReference>
        <DCCReference Include="Tool_Text3D.pas">
            <Form>Text3DToolForm</Form>
        </DCCReference>
        <DCCReference Include="Tool_SeriesStats.pas">
            <Form>SeriesStatsToolForm</Form>
        </DCCReference>
        <DCCReference Include="Tool_AxisArrowSize.pas">
            <Form>AxisArrowSizeToolDemo</Form>
        </DCCReference>
        <DCCReference Include="Tool_ColorBandPicture.pas">
            <Form>ColorBandPictureForm</Form>
        </DCCReference>
        <DCCReference Include="Tool_CursorTolerance.pas">
            <Form>CursorToleranceToolForm</Form>
        </DCCReference>
        <DCCReference Include="Tool_ColorBandResize.pas">
            <Form>ColorBandResizeForm</Form>
        </DCCReference>
        <DCCReference Include="Tool_CursorSize.pas">
            <Form>CursorSizeForm</Form>
        </DCCReference>
        <DCCReference Include="Tool_CursorScope.pas">
            <Form>CursorScopeForm</Form>
        </DCCReference>
        <DCCReference Include="Tool_DrawLineTolerance.pas">
            <Form>DrawLineToleranceForm</Form>
        </DCCReference>
        <DCCReference Include="Tool_DrawLineStyle.pas">
            <Form>DrawLineStyleForm</Form>
        </DCCReference>
        <DCCReference Include="Tool_CursorSnapStyle.pas">
            <Form>CursorSnapStyleToolForm</Form>
        </DCCReference>
        <DCCReference Include="Tool_DragMarksDragged.pas">
            <Form>DragMarksToolDraggedForm</Form>
        </DCCReference>
        <DCCReference Include="Tool_DrawLineAddLine.pas">
            <Form>DrawLineAddLineToolForm</Form>
        </DCCReference>
        <DCCReference Include="Tool_MarksTipHide.pas">
            <Form>MarksTipHideForm</Form>
        </DCCReference>
        <DCCReference Include="Tool_MarksTipCancelHint.pas">
            <Form>MarksCancelHintForm</Form>
        </DCCReference>
        <DCCReference Include="Walls_Picture.pas">
            <Form>WallsPictureForm</Form>
        </DCCReference>
        <DCCReference Include="ButtonGradient.pas">
            <Form>ButtonGradientForm</Form>
        </DCCReference>
        <DCCReference Include="Axis_LineMode.pas">
            <Form>AxisLineModeForm</Form>
        </DCCReference>
        <DCCReference Include="Axis_GridDrawEvery.pas">
            <Form>AxisGridDrawEveryForm</Form>
        </DCCReference>
        <DCCReference Include="Axis_MaxMinRounded.pas">
            <Form>AxisMaxMinRoundedForm</Form>
        </DCCReference>
        <DCCReference Include="Legend_Items.pas">
            <Form>LegendItemsForm</Form>
        </DCCReference>
        <DCCReference Include="Legend_PositionPercent.pas">
            <Form>LegendPositionPercentForm</Form>
        </DCCReference>
        <DCCReference Include="Legend_SymbolsGradient.pas">
            <Form>LegendSymbolsGradientForm</Form>
        </DCCReference>
        <DCCReference Include="Legend_SymbolsShadow.pas">
            <Form>LegendSymbolsShadow</Form>
        </DCCReference>
        <DCCReference Include="Series_ArrowPercent.pas">
            <Form>SeriesArrowPercent</Form>
        </DCCReference>
        <DCCReference Include="Series_BarShadow.pas">
            <Form>SeriesBarShadow</Form>
        </DCCReference>
        <DCCReference Include="Series_CalendarClicked.pas">
            <Form>SeriesCalendarClicked</Form>
        </DCCReference>
        <DCCReference Include="Series_ColorGridPlane3D.pas">
            <Form>SeriesColorGridPlane3D</Form>
        </DCCReference>
        <DCCReference Include="Series_ColorGridTransparency.pas">
            <Form>SeriesColorGridTransparency</Form>
        </DCCReference>
        <DCCReference Include="Series_PointsHexagon.pas">
            <Form>SeriesPointsHexagon</Form>
        </DCCReference>
        <DCCReference Include="Series_ClickPointer.pas">
            <Form>SeriesClickPointer</Form>
        </DCCReference>
        <DCCReference Include="SeriesType_IsoSurface.pas">
            <Form>SeriesTypeIsoSurface</Form>
        </DCCReference>
        <DCCReference Include="SeriesType_VolumePipe.pas">
            <Form>SeriesTypeVolumePipe</Form>
        </DCCReference>
        <DCCReference Include="SeriesType_Darvas.pas">
            <Form>SeriesTypeDarvas</Form>
        </DCCReference>
        <DCCReference Include="SeriesType_HighLowLine.pas">
            <Form>SeriesTypeHighLowLine</Form>
        </DCCReference>
        <DCCReference Include="SeriesType_PolarGrid.pas">
            <Form>SeriesTypePolarGrid</Form>
        </DCCReference>
        <DCCReference Include="Series_LineGradient.pas">
            <Form>SeriesLineGradient</Form>
        </DCCReference>
        <DCCReference Include="Series_TowerClick.pas">
            <Form>SeriesTowerClick</Form>
        </DCCReference>
        <DCCReference Include="Series_ShapeTransparency.pas">
            <Form>SeriesShapeTransparency</Form>
        </DCCReference>
        <DCCReference Include="ChartBook.pas">
            <Form>ChartBookForm</Form>
        </DCCReference>
        <DCCReference Include="Marks_Styles.pas">
            <Form>MarksStyles</Form>
        </DCCReference>
        <DCCReference Include="Marks_TextAlign.pas">
            <Form>MarksTextAlign</Form>
        </DCCReference>
        <DCCReference Include="Series_WindRoseMirrorAngles.pas">
            <Form>SeriesWindRoseMirrorAngles</Form>
        </DCCReference>
        <DCCReference Include="Series_WindRosePointerStyle.pas">
            <Form>SeriesWindRosePointerStyle</Form>
        </DCCReference>
        <DCCReference Include="Tool_PageNumShowButtons.pas">
            <Form>ToolPageNumShowButtons</Form>
        </DCCReference>
        <DCCReference Include="Tool_RectangleAllowDragResize.pas">
            <Form>ToolRectangleAllowDragResize</Form>
        </DCCReference>
        <DCCReference Include="Tool_RectangleDraggingResizing.pas">
            <Form>ToolRectangleDraggingResizing</Form>
        </DCCReference>
        <DCCReference Include="Tool_RotateInertia_Cursor.pas">
            <Form>ToolRotateInertia_Cursor</Form>
        </DCCReference>
        <DCCReference Include="Series_AnimationDelay.pas">
            <Form>SeriesAnimationDelay</Form>
        </DCCReference>
        <DCCReference Include="Tool_SeriesBandPen.pas">
            <Form>ToolSeriesBandPen</Form>
        </DCCReference>
        <DCCReference Include="Tool_LegendScrollBarThumb.pas">
            <Form>ToolLegendScrollBarThumb</Form>
        </DCCReference>
        <DCCReference Include="Canvas_FontPicture.pas">
            <Form>CanvasFontPicture</Form>
        </DCCReference>
        <DCCReference Include="Gradient_RotationAngle.pas">
            <Form>GradientRotationAngle</Form>
        </DCCReference>
        <DCCReference Include="Series_AddRemoveEvents.pas">
            <Form>SeriesAddRemoveEvents</Form>
        </DCCReference>
        <DCCReference Include="ImageFiltered.pas">
            <Form>ImageFilteredDemo</Form>
        </DCCReference>
        <DCCReference Include="Series_AreaStackGroups.pas">
            <Form>SeriesAreaStackGroups</Form>
        </DCCReference>
        <DCCReference Include="Gradient_SubGradient.pas">
            <Form>GradientSubGradient</Form>
        </DCCReference>
        <DCCReference Include="Legend_SeriesGroups.pas">
            <Form>LegendSeriesGroups</Form>
        </DCCReference>
        <DCCReference Include="Series_ContourLevelMarks.pas">
            <Form>SeriesContourLevelMarks</Form>
        </DCCReference>
        <DCCReference Include="Series_ContourLevelMarksOverlap.pas">
            <Form>SeriesContourLevelMarksOverlap</Form>
        </DCCReference>
        <DCCReference Include="Series_ContourPointer.pas">
            <Form>SeriesContourPointer</Form>
        </DCCReference>
        <DCCReference Include="ComboFlat_SelectedObject.pas">
            <Form>ComboFlatSelectedObject</Form>
        </DCCReference>
        <DCCReference Include="ComboFlat_DropDownWidth.pas">
            <Form>ComboFlatDropDownWidth</Form>
        </DCCReference>
        <DCCReference Include="Commander_Gradient.pas">
            <Form>CommanderGradient</Form>
        </DCCReference>
        <DCCReference Include="Commander_FullRotation.pas">
            <Form>CommanderFullRotation</Form>
        </DCCReference>
        <DCCReference Include="ChartListBox_FontSeriesColor.pas">
            <Form>ChartListBoxFontSeriesColor</Form>
        </DCCReference>
        <DCCReference Include="Axes_Hide.pas">
            <Form>AxesHide</Form>
        </DCCReference>
        <DCCReference Include="Filter_Bevel.pas">
            <Form>FilterBevel</Form>
        </DCCReference>
        <DCCReference Include="ChartGrid_AllowAppend.pas">
            <Form>ChartGridAllowAppend</Form>
        </DCCReference>
        <DCCReference Include="ChartGrid_ReadOnly.pas">
            <Form>ChartGridReadOnly</Form>
        </DCCReference>
        <DCCReference Include="ChartGrid_AllowInsertSeries.pas">
            <Form>ChartGridAllowInsertSeries</Form>
        </DCCReference>
        <DCCReference Include="ChartGrid_VisibleColumns.pas">
            <Form>ChartGridVisibleColumns</Form>
        </DCCReference>
        <DCCReference Include="Pie_MarksLegSize.pas">
            <Form>PieMarksLegSize</Form>
        </DCCReference>
        <DCCReference Include="Pie_MarksVertCenter.pas">
            <Form>PieMarksVertCenter</Form>
        </DCCReference>
        <DCCReference Include="Export_XAML.pas">
            <Form>ExportXAML</Form>
        </DCCReference>
        <DCCReference Include="Tool_DrawLineClickedTolerance.pas">
            <Form>ToolDrawLineClickedTolerance</Form>
        </DCCReference>
        <DCCReference Include="Tool_ImagePen.pas">
            <Form>ToolImagePen</Form>
        </DCCReference>
        <DCCReference Include="Editor_FontsTab.pas">
            <Form>EditorFontsTab</Form>
        </DCCReference>
        <DCCReference Include="Functions_PeriodAlign.pas"/>
        <DCCReference Include="Filter_Blur.pas">
            <Form>FilterBlur</Form>
        </DCCReference>
        <DCCReference Include="Filter_Brightness.pas">
            <Form>FilterBrightness</Form>
        </DCCReference>
        <DCCReference Include="Filter_ColorRGB.pas">
            <Form>FilterColorRGB</Form>
        </DCCReference>
        <DCCReference Include="Title_VertMargin.pas">
            <Form>TitleVertMargin</Form>
        </DCCReference>
        <DCCReference Include="Title_Clear.pas">
            <Form>TitleClear</Form>
        </DCCReference>
        <DCCReference Include="Editor_Croatian.pas">
            <Form>EditorCroatian</Form>
        </DCCReference>
        <DCCReference Include="Pages_NextPreviousMethods.pas">
            <Form>PagesNextPreviousMethods</Form>
        </DCCReference>
        <DCCReference Include="Series_GetCircleLabelEvent.pas">
            <Form>SeriesGetCircleLabelEvent</Form>
        </DCCReference>
        <DCCReference Include="Filter_Contrast.pas">
            <Form>FilterContrast</Form>
        </DCCReference>
        <DCCReference Include="Filter_GrayScale.pas">
            <Form>FilterGrayScale</Form>
        </DCCReference>
        <DCCReference Include="Filter_Invert.pas">
            <Form>FilterInvert</Form>
        </DCCReference>
        <DCCReference Include="Filter_Mirror.pas">
            <Form>FilterMirror</Form>
        </DCCReference>
        <DCCReference Include="Filter_Mosaic.pas">
            <Form>FilterMosaic</Form>
        </DCCReference>
        <DCCReference Include="Filter_Resize.pas">
            <Form>FilterResize</Form>
        </DCCReference>
        <DCCReference Include="Filter_Reverse.pas">
            <Form>FilterReverse</Form>
        </DCCReference>
        <DCCReference Include="Filter_Rotate.pas">
            <Form>FilterRotate</Form>
        </DCCReference>
        <DCCReference Include="Filter_Sharpen.pas">
            <Form>FilterSharpen</Form>
        </DCCReference>
        <DCCReference Include="Filter_Tile.pas">
            <Form>FilterTile</Form>
        </DCCReference>
        <DCCReference Include="Filter_Zoom.pas">
            <Form>FilterZoom</Form>
        </DCCReference>
        <DCCReference Include="Marks_ItemText.pas">
            <Form>MarksItemText</Form>
        </DCCReference>
        <DCCReference Include="Chart_RotationFloat.pas">
            <Form>ChartRotationFloat</Form>
        </DCCReference>
        <DCCReference Include="Series_InvertPalette.pas">
            <Form>SeriesInvertPalette</Form>
        </DCCReference>
        <DCCReference Include="FastLine_TreatNulls.pas">
            <Form>FastLineTreatNulls</Form>
        </DCCReference>
        <DCCReference Include="Area_TreatNulls.pas">
            <Form>AreaTreatNulls</Form>
        </DCCReference>
        <DCCReference Include="Line_TreatNulls.pas">
            <Form>LineTreatNulls</Form>
        </DCCReference>
        <DCCReference Include="CustomSeries_TreatNulls.pas">
            <Form>CustomSeriesTreatNulls</Form>
        </DCCReference>
        <DCCReference Include="Editor_PixelsPerInch.pas">
            <Form>EditorPixelsPerInch</Form>
        </DCCReference>
        <DCCReference Include="OpenGL_LightDirection.pas">
            <Form>OpenGLLightDirection</Form>
        </DCCReference>
        <DCCReference Include="Point_TreatNulls.pas">
            <Form>PointTreatNulls</Form>
        </DCCReference>
        <DCCReference Include="Chart_CustomChartRect.pas">
            <Form>ChartCustomChartRect</Form>
        </DCCReference>
        <DCCReference Include="Surface_HideCells.pas">
            <Form>SurfaceHideCells</Form>
        </DCCReference>
        <DCCReference Include="Function_ExpMovAveNulls.pas">
            <Form>FunctionExpMovAveNulls</Form>
        </DCCReference>
        <DCCReference Include="ChartGrid_SeriesSymbolClickable.pas">
            <Form>ChartGridSeriesSymbolClickable</Form>
        </DCCReference>
        <DCCReference Include="Series_ShowInEditor.pas">
            <Form>SeriesShowInEditor</Form>
        </DCCReference>
        <DCCReference Include="Filter_Flip.pas">
            <Form>FilterFlip</Form>
        </DCCReference>
        <DCCReference Include="Filter_HueLumSat.pas">
            <Form>FilterHueLumSat</Form>
        </DCCReference>
        <DCCReference Include="Filter_GammaCorrection.pas">
            <Form>FilterGammaCorrection</Form>
        </DCCReference>
        <DCCReference Include="Filter_Emboss.pas">
            <Form>FilterEmboss</Form>
        </DCCReference>
        <DCCReference Include="ChartPages_AutoScale.pas">
            <Form>ChartPagesAutoScale</Form>
        </DCCReference>
        <DCCReference Include="Tools_CloneChartTool.pas">
            <Form>ToolsCloneChartTool</Form>
        </DCCReference>
        <DCCReference Include="Tools_Gallery.pas">
            <Form>ToolsGallery</Form>
        </DCCReference>
        <DCCReference Include="Filter_Light.pas">
            <Form>FilterLight</Form>
        </DCCReference>
        <DCCReference Include="ChartGrid_FirstRowNum.pas">
            <Form>ChartGridFirstRowNum</Form>
        </DCCReference>
        <DCCReference Include="ChartGrid_NullPoints.pas">
            <Form>ChartGridNullPoints</Form>
        </DCCReference>
        <DCCReference Include="Chart_SeriesGroups.pas">
            <Form>ChartSeriesGroups</Form>
        </DCCReference>
        <DCCReference Include="Buttonpen_Editor.pas">
            <Form>ButtonpenEditor</Form>
        </DCCReference>
        <DCCReference Include="Canvas_UnicodeTextOut.pas">
            <Form>CanvasUnicodeTextOut</Form>
        </DCCReference>
        <DCCReference Include="Canvas_CustomShapeRoundSize.pas">
            <Form>CanvasCustomShapeRoundSize</Form>
        </DCCReference>
        <DCCReference Include="Canvas_CustomShapePicture.pas">
            <Form>CanvasCustonShapePicture</Form>
        </DCCReference>
        <DCCReference Include="SeriesSource_LoadMode.pas">
            <Form>SeriesSourceLoadMode</Form>
        </DCCReference>
        <DCCReference Include="Tools_Assign.pas">
            <Form>ToolsAssign</Form>
        </DCCReference>
        <DCCReference Include="ColorPalettes_MacOS.pas">
            <Form>ColorPalettesMacOS</Form>
        </DCCReference>
        <DCCReference Include="Editor_Strings.pas">
            <Form>EditorStrings</Form>
        </DCCReference>
        <DCCReference Include="OpenGL_AntiAlias.pas">
            <Form>OpenGLAntiAlias</Form>
        </DCCReference>
        <DCCReference Include="Chart_SeriesGroupsFindByName.pas">
            <Form>ChartSeriesGroupsFindByName</Form>
        </DCCReference>
        <DCCReference Include="ChartGalleryPanel_Charts.pas">
            <Form>ChartGallerypanelCharts</Form>
        </DCCReference>
        <DCCReference Include="Filter_Crop.pas">
            <Form>FilterCrop</Form>
        </DCCReference>
        <DCCReference Include="SeriesType_OrgChart.pas">
            <Form>SeriesTypeOrgChart</Form>
        </DCCReference>
        <DCCReference Include="SeriesType_GISMaps.pas">
            <Form>SeriesTypeWorld</Form>
        </DCCReference>
        <DCCReference Include="SeriesType_TagCloud.pas">
            <Form>SeriesTagCloud</Form>
        </DCCReference>
        <DCCReference Include="Series_ContourFilled.pas">
            <Form>SeriesContourFilled</Form>
        </DCCReference>
        <DCCReference Include="Series_LCDGauges.pas">
            <Form>LEDGauges</Form>
        </DCCReference>
        <DCCReference Include="SeriesType_CircularGauge.pas">
            <Form>SeriesCircularGauge</Form>
        </DCCReference>
        <DCCReference Include="Big_FlatFile.pas">
            <Form>FormBigFlatFile</Form>
        </DCCReference>
        <DCCReference Include="Marks_FontSeriesColor.pas"/>
        <DCCReference Include="Axis_GridZoning.pas">
            <Form>AxisGridZoning</Form>
        </DCCReference>
        <DCCReference Include="Axis_Custom.pas">
            <Form>AxisCustom</Form>
        </DCCReference>
        <DCCReference Include="ChartEditor_Options.pas">
            <Form>ChartEditorOptions</Form>
        </DCCReference>
        <DCCReference Include="Legend_TextSymbolGap.pas">
            <Form>LegendTextSymbolGapForm</Form>
        </DCCReference>
        <DCCReference Include="Series_CustomSmoothed.pas">
            <Form>SeriesCustomSmoothedForm</Form>
        </DCCReference>
        <DCCReference Include="Export_DPI.pas">
            <Form>DPIExportForm</Form>
        </DCCReference>
        <DCCReference Include="CircularGauge_NGauge.pas">
            <Form>CircularGaugeNGaugeForm</Form>
        </DCCReference>
        <DCCReference Include="Editor_SeriesOrder.pas">
            <Form>EditorSeriesOrder</Form>
        </DCCReference>
        <DCCReference Include="Axis_LabelsBehind.pas">
            <Form>AxisLabelsBehind</Form>
        </DCCReference>
        <DCCReference Include="Tool_MoreSeriesStats.pas"/>
        <DCCReference Include="Tools_Fibonacci.pas">
            <Form>ToolsFibonacci</Form>
        </DCCReference>
        <DCCReference Include="Legend_MaxRows.pas">
            <Form>LegendMaxRowsForm</Form>
        </DCCReference>
        <DCCReference Include="Tool_SubChartEvents.pas">
            <Form>Tool_SubChartEventsForm</Form>
        </DCCReference>
        <DCCReference Include="New_Chart_Themes.pas">
            <Form>NewChartThemes</Form>
        </DCCReference>
        <DCCReference Include="CircularGauge_LGauge.pas">
            <Form>CircularGaugeLGaugeForm</Form>
        </DCCReference>
        <DCCReference Include="Line_Interpolate.pas">
            <Form>LineInterpolateForm</Form>
        </DCCReference>
        <DCCReference Include="Speed_Theme_Demo.pas">
            <Form>SpeedThemeDemo</Form>
        </DCCReference>
        <DCCReference Include="CircularGauge_Embedded.pas">
            <Form>CircularGaugeEmbeddedForm</Form>
        </DCCReference>
        <DCCReference Include="KnobGauge_Series.pas">
            <Form>KnobGauge_SeriesForm</Form>
        </DCCReference>
        <DCCReference Include="Bar_MarksOnBar.pas">
            <Form>BarMarksOnBarForm</Form>
        </DCCReference>
        <DCCReference Include="HistogramYOrigin.pas">
            <Form>HistogramYOriginForm</Form>
        </DCCReference>
        <DCCReference Include="Function_Skewness.pas">
            <Form>SkewnessForm</Form>
        </DCCReference>
        <DCCReference Include="Function_Kurtosis.pas">
            <Form>KurtosisForm</Form>
        </DCCReference>
        <DCCReference Include="Function_MoneyFlow.pas">
            <Form>MoneyFlowFunctionForm</Form>
        </DCCReference>
        <DCCReference Include="SeriesType_Ternary.pas">
            <Form>TernarySeriesForm</Form>
        </DCCReference>
        <DCCReference Include="Series_AreaSalesPrice.pas">
            <Form>AreaSalesPrice</Form>
        </DCCReference>
        <DCCReference Include="Org_HtmlFormat.pas">
            <Form>OrgHtmlFormatForm</Form>
        </DCCReference>
        <DCCReference Include="Function_ATR.pas">
            <Form>ATRFunctionForm</Form>
        </DCCReference>
        <DCCReference Include="Function_Slope.pas">
            <Form>SlopeForm</Form>
        </DCCReference>
        <DCCReference Include="Function_PercentChange.pas">
            <Form>PercentChangeForm</Form>
        </DCCReference>
        <DCCReference Include="CurveFitting_NormCoef.pas">
            <Form>CurveFittingNormCoef</Form>
        </DCCReference>
        <DCCReference Include="CurveFitting_SlopeY.pas">
            <Form>CurveFittingSlopeY</Form>
        </DCCReference>
        <DCCReference Include="Axis_GridBandCentered.pas">
            <Form>Axis_GridBandCenteredForm</Form>
        </DCCReference>
        <DCCReference Include="Function_RVI.pas">
            <Form>RVIFunctionForm</Form>
        </DCCReference>
        <DCCReference Include="Function_AO.pas">
            <Form>AOFunctionForm</Form>
        </DCCReference>
        <DCCReference Include="Function_AC.pas"/>
        <DCCReference Include="Function_SMMA.pas">
            <Form>SMMAFunctionForm</Form>
        </DCCReference>
        <DCCReference Include="Function_Alligator.pas">
            <Form>AlligatorFunctionForm</Form>
        </DCCReference>
        <DCCReference Include="Function_Gator.pas">
            <Form>GatorFunctionForm</Form>
        </DCCReference>
        <DCCReference Include="Zoom_History.pas">
            <Form>ZoomHistory</Form>
        </DCCReference>
        <DCCReference Include="Canvas_CompactChart.pas">
            <Form>Canvas_CompactChartForm</Form>
        </DCCReference>
        <DCCReference Include="Tool_CustomLegend.pas">
            <Form>Tool_CustomLegendForm</Form>
        </DCCReference>
        <DCCReference Include="HTMLTextFormat.pas">
            <Form>HTMLTextFormatForm</Form>
        </DCCReference>
        <DCCReference Include="TeeEmboss.pas">
            <Form>TeeEmbossForm</Form>
        </DCCReference>
        <DCCReference Include="SeriesType_Treemap.pas">
            <Form>TreemapSeriesForm</Form>
        </DCCReference>
        <DCCReference Include="Function_SPC.pas">
            <Form>SPCFunctionForm</Form>
        </DCCReference>
        <DCCReference Include="Series_PolarZoom.pas">
            <Form>PolarZoom</Form>
        </DCCReference>
        <DCCReference Include="FastLine_DrawAllStyle.pas">
            <Form>FastLineDrawAllStyle</Form>
        </DCCReference>
        <DCCReference Include="Subchart_Events.pas">
            <Form>SubchartEvents</Form>
        </DCCReference>
        <DCCReference Include="Candle_OpenClosePen.pas">
            <Form>CandleOpenClosePen</Form>
        </DCCReference>
        <DCCReference Include="Axis_RetrieveOldLabels.pas">
            <Form>Axis_RetrieveOldLabelsForm</Form>
        </DCCReference>
        <DCCReference Include="Release9_Information.pas">
            <Form>Release9Information</Form>
        </DCCReference>
        <DCCReference Include="Rose_Series.pas">
            <Form>RoseForm</Form>
        </DCCReference>
        <DCCReference Include="CircularGauge_DisplayAngle.pas">
            <Form>CircularGauge_DisplayAngleForm</Form>
        </DCCReference>
        <DCCReference Include="CircularGauge_Series.pas">
            <Form>CircularGauge_SeriesForm</Form>
        </DCCReference>
        <DCCReference Include="ChartGrid_TopLeftChanged.pas">
            <Form>ChartGridTopLeftChanged</Form>
        </DCCReference>
        <DCCReference Include="Pie_Lighting.pas">
            <Form>PieLightingForm</Form>
        </DCCReference>
        <DCCReference Include="Bar_Rounded.pas">
            <Form>Bar_RoundedForm</Form>
        </DCCReference>
        <DCCReference Include="Tool_AxisBreaks.pas">
            <Form>Tool_AxisBreaksForm</Form>
        </DCCReference>
        <DCCReference Include="Tool_SeriesBandStairs.pas">
            <Form>ToolSeriesBandStairs</Form>
        </DCCReference>
        <DCCReference Include="Marks_OnTop.pas">
            <Form>MarksOnTop</Form>
        </DCCReference>
        <DCCReference Include="Pie_FrameBorder.pas">
            <Form>PieFrameBorderForm</Form>
        </DCCReference>
        <DCCReference Include="Treemap_AddFolder.pas">
            <Form>TreemapAddFolderForm</Form>
        </DCCReference>
        <DCCReference Include="SeriesType_ErrorPoint3D.pas">
            <Form>ErrorPoint3DSeriesForm</Form>
        </DCCReference>
        <DCCReference Include="SeriesType_ErrorPoint.pas">
            <Form>ErrorPointSeriesForm</Form>
        </DCCReference>
        <DCCReference Include="Tools_Clustering.pas">
            <Form>ClusteringDemo</Form>
        </DCCReference>
        <DCCReference Include="XE2_OnlyAvail.pas">
            <Form>XE2OnlyAvail</Form>
        </DCCReference>
        <DCCReference Include="Tool_ScrollPager.pas">
            <Form>Tool_ScrollPagerForm</Form>
        </DCCReference>
        <DCCReference Include="Tool_CustomLegendSGrid.pas">
            <Form>TTool_CustomLegendSGridForm</Form>
        </DCCReference>
        <DCCReference Include="Legend_Tester.pas">
            <Form>LegendTester</Form>
        </DCCReference>
        <BuildConfiguration Include="Debug">
            <Key>Cfg_2</Key>
            <CfgParent>Base</CfgParent>
        </BuildConfiguration>
        <BuildConfiguration Include="Base">
            <Key>Base</Key>
        </BuildConfiguration>
        <BuildConfiguration Include="Release">
            <Key>Cfg_1</Key>
            <CfgParent>Base</CfgParent>
        </BuildConfiguration>
    </ItemGroup>
    <ProjectExtensions>
        <Borland.Personality>Delphi.Personality.12</Borland.Personality>
        <Borland.ProjectType/>
        <BorlandProject>
            <Delphi.Personality>
                <Source>
                    <Source Name="MainSource">Tee9new.dpr</Source>
                </Source>
                <Excluded_Packages>
                    <Excluded_Packages Name="$(BDSBIN)\bcboffice2k260.bpl">Embarcadero C++Builder Office 2000 Servers Package</Excluded_Packages>
                    <Excluded_Packages Name="$(BDSBIN)\bcbofficexp260.bpl">Embarcadero C++Builder Office XP Servers Package</Excluded_Packages>
                    <Excluded_Packages Name="$(BDSBIN)\dcloffice2k260.bpl">Microsoft Office 2000 Sample Automation Server Wrapper Components</Excluded_Packages>
                    <Excluded_Packages Name="$(BDSBIN)\dclofficexp260.bpl">Microsoft Office XP Sample Automation Server Wrapper Components</Excluded_Packages>
                </Excluded_Packages>
            </Delphi.Personality>
            <Platforms>
                <Platform value="iOSDevice64">True</Platform>
                <Platform value="Win32">True</Platform>
                <Platform value="Win64">False</Platform>
            </Platforms>
        </BorlandProject>
        <ProjectFileVersion>12</ProjectFileVersion>
    </ProjectExtensions>
    <Import Project="$(BDS)\Bin\CodeGear.Delphi.Targets" Condition="Exists('$(BDS)\Bin\CodeGear.Delphi.Targets')"/>
    <Import Project="$(APPDATA)\Embarcadero\$(BDSAPPDATABASEDIR)\$(PRODUCTVERSION)\UserTools.proj" Condition="Exists('$(APPDATA)\Embarcadero\$(BDSAPPDATABASEDIR)\$(PRODUCTVERSION)\UserTools.proj')"/>
</Project>
