	<Project xmlns="http://schemas.microsoft.com/developer/msbuild/2003">
		<PropertyGroup>
			<ProjectGuid>{9e737943-db4c-45f7-85c5-05615bee9eef}</ProjectGuid>
			<MainSource>TeeChartOffice.dpr</MainSource>
			<Configuration Condition=" '$(Configuration)' == '' ">Debug</Configuration>
			<DCC_DCCCompiler>DCC32</DCC_DCCCompiler>
			<DCC_DependencyCheckOutputName>TeeChartOffice.exe</DCC_DependencyCheckOutputName>
			<FrameworkType>VCL</FrameworkType>
			<ProjectVersion>13.4</ProjectVersion>
			<Base>True</Base>
			<Config Condition="'$(Config)'==''">Debug</Config>
			<Platform Condition="'$(Platform)'==''">Win32</Platform>
			<TargetedPlatforms>1</TargetedPlatforms>
			<AppType>Application</AppType>
		</PropertyGroup>
		<PropertyGroup Condition="'$(Config)'=='Base' or '$(Base)'!=''">
			<Base>true</Base>
		</PropertyGroup>
		<PropertyGroup Condition="('$(Platform)'=='Win64' and '$(Base)'=='true') or '$(Base_Win64)'!=''">
			<Base_Win64>true</Base_Win64>
			<CfgParent>Base</CfgParent>
			<Base>true</Base>
		</PropertyGroup>
		<PropertyGroup Condition="('$(Platform)'=='Win32' and '$(Base)'=='true') or '$(Base_Win32)'!=''">
			<Base_Win32>true</Base_Win32>
			<CfgParent>Base</CfgParent>
			<Base>true</Base>
		</PropertyGroup>
		<PropertyGroup Condition="'$(Config)'=='Release' or '$(Cfg_1)'!=''">
			<Cfg_1>true</Cfg_1>
			<CfgParent>Base</CfgParent>
			<Base>true</Base>
		</PropertyGroup>
		<PropertyGroup Condition="('$(Platform)'=='Win32' and '$(Cfg_1)'=='true') or '$(Cfg_1_Win32)'!=''">
			<Cfg_1_Win32>true</Cfg_1_Win32>
			<CfgParent>Cfg_1</CfgParent>
			<Cfg_1>true</Cfg_1>
			<Base>true</Base>
		</PropertyGroup>
		<PropertyGroup Condition="'$(Config)'=='Debug' or '$(Cfg_2)'!=''">
			<Cfg_2>true</Cfg_2>
			<CfgParent>Base</CfgParent>
			<Base>true</Base>
		</PropertyGroup>
		<PropertyGroup Condition="('$(Platform)'=='Win32' and '$(Cfg_2)'=='true') or '$(Cfg_2_Win32)'!=''">
			<Cfg_2_Win32>true</Cfg_2_Win32>
			<CfgParent>Cfg_2</CfgParent>
			<Cfg_2>true</Cfg_2>
			<Base>true</Base>
		</PropertyGroup>
		<PropertyGroup Condition="'$(Base)'!=''">
			<VerInfo_MajorVer>3</VerInfo_MajorVer>
			<VerInfo_Build>12654</VerInfo_Build>
			<DCC_Namespace>Vcl;Vcl.Imaging;Vcl.Touch;Vcl.Samples;Vcl.Shell;System;Xml;Data;Datasnap;Web;Soap;Winapi;VCLTee;System.Win;$(DCC_Namespace)</DCC_Namespace>
			<VCL_Custom_Styles>&quot;Aqua Graphite|VCLSTYLE|$(PUBLIC)\Documents\RAD Studio\9.0\Styles\AquaGraphite.vsf&quot;;&quot;Charcoal Dark Slate|VCLSTYLE|$(PUBLIC)\Documents\RAD Studio\9.0\Styles\CharcoalDarkSlate.vsf&quot;;&quot;Luna|VCLSTYLE|$(PUBLIC)\Documents\RAD Studio\9.0\Styles\Luna.vsf&quot;;&quot;Metro Green|VCLSTYLE|$(PUBLIC)\Documents\RAD Studio\9.0\Styles\MetroGreen.vsf&quot;;&quot;Ruby Graphite|VCLSTYLE|$(PUBLIC)\Documents\RAD Studio\9.0\Styles\RubyGraphite.vsf&quot;;&quot;Smokey Quartz Kamri|VCLSTYLE|$(PUBLIC)\Documents\RAD Studio\9.0\Styles\SmokeyQuartzKamri.vsf&quot;</VCL_Custom_Styles>
			<VerInfo_IncludeVerInfo>true</VerInfo_IncludeVerInfo>
			<VerInfo_Keys>CompanyName=Steema Software;FileDescription=TeeChart Office;FileVersion=3.0.0.12654;InternalName=TeeChartOffice;LegalCopyright=Copyright 2001-2007 by David Berneda;LegalTrademarks=;OriginalFilename=TeeChartOffice;ProductName=TeeChartOffice;ProductVersion=3.0;Comments=</VerInfo_Keys>
			<VerInfo_Locale>1033</VerInfo_Locale>
		</PropertyGroup>
		<PropertyGroup Condition="'$(Base_Win64)'!=''">
			<Icon_MainIcon>TeeChartOffice_Icon1.ico</Icon_MainIcon>
		</PropertyGroup>
		<PropertyGroup Condition="'$(Base_Win32)'!=''">
			<Manifest_File>$(BDS)\bin\default_app.manifest</Manifest_File>
			<DCC_Namespace>Winapi;System.Win;Data.Win;Datasnap.Win;Web.Win;Soap.Win;Xml.Win;Bde;$(DCC_Namespace)</DCC_Namespace>
			<DCC_UnitSearchPath>c:\root\teechartvcl\sources9\vcl;$(DCC_UnitSearchPath)</DCC_UnitSearchPath>
			<VerInfo_Keys>CompanyName=;FileDescription=;FileVersion=1.0.0.0;InternalName=;LegalCopyright=;LegalTrademarks=;OriginalFilename=;ProductName=;ProductVersion=1.0.0.0;Comments=</VerInfo_Keys>
			<Icon_MainIcon>TeeChartOffice_Icon1.ico</Icon_MainIcon>
		</PropertyGroup>
		<PropertyGroup Condition="'$(Cfg_1)'!=''">
			<Version>7.0</Version>
			<DCC_AssertionsAtRuntime>False</DCC_AssertionsAtRuntime>
			<DCC_DebugInformation>False</DCC_DebugInformation>
			<DCC_LocalDebugSymbols>False</DCC_LocalDebugSymbols>
			<DCC_SymbolReferenceInfo>0</DCC_SymbolReferenceInfo>
			<DCC_UnitSearchPath>$(DELPHI)\Lib\Debug;c:\root\TeeChartVCL\Sources8;c:\root\TeetreeVCL\Sources8;c:\root\TeeChartVCL\Sources8\..\..\TeeTreeVCL\Sources8\Compiled\Delphi7\Lib;c:\Root\TeeChartVCL\Sources8\Compiled\Delphi7\Lib;$(DCC_UnitSearchPath)</DCC_UnitSearchPath>
			<DCC_ResourcePath>$(DELPHI)\Lib\Debug;c:\root\TeeChartVCL\Sources8;c:\root\TeetreeVCL\Sources8;c:\root\TeeChartVCL\Sources8\..\..\TeeTreeVCL\Sources8\Compiled\Delphi7\Lib;c:\Root\TeeChartVCL\Sources8\Compiled\Delphi7\Lib;$(DCC_ResourcePath)</DCC_ResourcePath>
			<DCC_ObjPath>$(DELPHI)\Lib\Debug;c:\root\TeeChartVCL\Sources8;c:\root\TeetreeVCL\Sources8;c:\root\TeeChartVCL\Sources8\..\..\TeeTreeVCL\Sources8\Compiled\Delphi7\Lib;c:\Root\TeeChartVCL\Sources8\Compiled\Delphi7\Lib;$(DCC_ObjPath)</DCC_ObjPath>
			<DCC_IncludePath>$(DELPHI)\Lib\Debug;c:\root\TeeChartVCL\Sources8;c:\root\TeetreeVCL\Sources8;c:\root\TeeChartVCL\Sources8\..\..\TeeTreeVCL\Sources8\Compiled\Delphi7\Lib;c:\Root\TeeChartVCL\Sources8\Compiled\Delphi7\Lib;$(DCC_IncludePath)</DCC_IncludePath>
			<DCC_Define>TEEENTERPRISE;RELEASE;$(DCC_Define)</DCC_Define>
		</PropertyGroup>
		<PropertyGroup Condition="'$(Cfg_1_Win32)'!=''">
			<VerInfo_Keys>CompanyName=;FileDescription=;FileVersion=1.0.0.0;InternalName=;LegalCopyright=;LegalTrademarks=;OriginalFilename=;ProductName=;ProductVersion=1.0.0.0;Comments=</VerInfo_Keys>
		</PropertyGroup>
		<PropertyGroup Condition="'$(Cfg_2)'!=''">
			<Version>7.0</Version>
			<DCC_AssertionsAtRuntime>False</DCC_AssertionsAtRuntime>
			<DCC_SymbolReferenceInfo>2</DCC_SymbolReferenceInfo>
			<DCC_UnitSearchPath>$(DELPHI)\Lib\Debug;c:\root\TeeChartVCL\Sources8;c:\root\TeetreeVCL\Sources8;c:\root\TeeChartVCL\Sources8\..\..\TeeTreeVCL\Sources8\Compiled\Delphi7\Lib;c:\Root\TeeChartVCL\Sources8\Compiled\Delphi7\Lib;$(DCC_UnitSearchPath)</DCC_UnitSearchPath>
			<DCC_ResourcePath>$(DELPHI)\Lib\Debug;c:\root\TeeChartVCL\Sources8;c:\root\TeetreeVCL\Sources8;c:\root\TeeChartVCL\Sources8\..\..\TeeTreeVCL\Sources8\Compiled\Delphi7\Lib;c:\Root\TeeChartVCL\Sources8\Compiled\Delphi7\Lib;$(DCC_ResourcePath)</DCC_ResourcePath>
			<DCC_ObjPath>$(DELPHI)\Lib\Debug;c:\root\TeeChartVCL\Sources8;c:\root\TeetreeVCL\Sources8;c:\root\TeeChartVCL\Sources8\..\..\TeeTreeVCL\Sources8\Compiled\Delphi7\Lib;c:\Root\TeeChartVCL\Sources8\Compiled\Delphi7\Lib;$(DCC_ObjPath)</DCC_ObjPath>
			<DCC_IncludePath>$(DELPHI)\Lib\Debug;c:\root\TeeChartVCL\Sources8;c:\root\TeetreeVCL\Sources8;c:\root\TeeChartVCL\Sources8\..\..\TeeTreeVCL\Sources8\Compiled\Delphi7\Lib;c:\Root\TeeChartVCL\Sources8\Compiled\Delphi7\Lib;$(DCC_IncludePath)</DCC_IncludePath>
			<DCC_Define>TEEENTERPRISE;DEBUG;$(DCC_Define)</DCC_Define>
		</PropertyGroup>
		<PropertyGroup Condition="'$(Cfg_2_Win32)'!=''">
			<Icon_MainIcon>TeeChartOffice.ico</Icon_MainIcon>
			<VerInfo_Keys>CompanyName=;FileDescription=;FileVersion=1.0.0.0;InternalName=;LegalCopyright=;LegalTrademarks=;OriginalFilename=;ProductName=;ProductVersion=1.0.0.0;Comments=</VerInfo_Keys>
		</PropertyGroup>
		<ProjectExtensions>
			<Borland.Personality>Delphi.Personality.12</Borland.Personality>
			<Borland.ProjectType>VCLApplication</Borland.ProjectType>
			<BorlandProject>
				<Delphi.Personality>
					<Parameters>
						<Parameters Name="UseLauncher">False</Parameters>
						<Parameters Name="LoadAllSymbols">True</Parameters>
						<Parameters Name="LoadUnspecifiedSymbols">False</Parameters>
					</Parameters>
					<VersionInfo>
						<VersionInfo Name="IncludeVerInfo">True</VersionInfo>
						<VersionInfo Name="AutoIncBuild">False</VersionInfo>
						<VersionInfo Name="MajorVer">3</VersionInfo>
						<VersionInfo Name="MinorVer">0</VersionInfo>
						<VersionInfo Name="Release">0</VersionInfo>
						<VersionInfo Name="Build">12654</VersionInfo>
						<VersionInfo Name="Debug">False</VersionInfo>
						<VersionInfo Name="PreRelease">False</VersionInfo>
						<VersionInfo Name="Special">False</VersionInfo>
						<VersionInfo Name="Private">False</VersionInfo>
						<VersionInfo Name="DLL">False</VersionInfo>
						<VersionInfo Name="Locale">1033</VersionInfo>
						<VersionInfo Name="CodePage">1252</VersionInfo>
					</VersionInfo>
					<VersionInfoKeys>
						<VersionInfoKeys Name="CompanyName">Steema Software</VersionInfoKeys>
						<VersionInfoKeys Name="FileDescription">TeeChart Office</VersionInfoKeys>
						<VersionInfoKeys Name="FileVersion">3.0.0.12654</VersionInfoKeys>
						<VersionInfoKeys Name="InternalName">TeeChartOffice</VersionInfoKeys>
						<VersionInfoKeys Name="LegalCopyright">Copyright 2001-2007 by David Berneda</VersionInfoKeys>
						<VersionInfoKeys Name="LegalTrademarks"/>
						<VersionInfoKeys Name="OriginalFilename">TeeChartOffice</VersionInfoKeys>
						<VersionInfoKeys Name="ProductName">TeeChartOffice</VersionInfoKeys>
						<VersionInfoKeys Name="ProductVersion">3.0</VersionInfoKeys>
						<VersionInfoKeys Name="Comments"/>
					</VersionInfoKeys>
					<Source>
						<Source Name="MainSource">TeeChartOffice.dpr</Source>
					</Source>
					<Excluded_Packages>
						<Excluded_Packages Name="C:\Program Files (x86)\FastReports\LibD16\dclfsDB16.bpl">FastScript 1.9 DB Components</Excluded_Packages>
						<Excluded_Packages Name="C:\Program Files (x86)\FastReports\LibD16\dclfrxDB16.bpl">FastReport 4.0 DB Components</Excluded_Packages>
						<Excluded_Packages Name="$(BDSBIN)\dcloffice2k160.bpl">Microsoft Office 2000 Sample Automation Server Wrapper Components</Excluded_Packages>
						<Excluded_Packages Name="$(BDSBIN)\dclofficexp160.bpl">Microsoft Office XP Sample Automation Server Wrapper Components</Excluded_Packages>
						<Excluded_Packages Name="$(BDSBIN)\bcboffice2k160.bpl">Embarcadero C++Builder Office 2000 Servers Package</Excluded_Packages>
						<Excluded_Packages Name="$(BDSBIN)\bcbofficexp160.bpl">Embarcadero C++Builder Office XP Servers Package</Excluded_Packages>
					</Excluded_Packages>
				</Delphi.Personality>
				<Platforms>
					<Platform value="Win64">False</Platform>
					<Platform value="Win32">True</Platform>
				</Platforms>
			</BorlandProject>
			<ProjectFileVersion>12</ProjectFileVersion>
		</ProjectExtensions>
		<Import Project="$(BDS)\Bin\CodeGear.Delphi.Targets"/>
		<ItemGroup>
			<DelphiCompile Include="$(MainSource)">
				<MainSource>MainSource</MainSource>
			</DelphiCompile>
			<DCCReference Include="UnitChartOffice.pas"/>
			<DCCReference Include="TeeChartOfficeConstants.pas"/>
			<DCCReference Include="TeeCommanderEditor.pas"/>
			<DCCReference Include="TeeConfig.pas"/>
			<DCCReference Include="TeeHighLight.pas"/>
			<DCCReference Include="TeeOfficeConstants.pas"/>
			<DCCReference Include="TeeRecentFiles.pas"/>
			<DCCReference Include="TeeUpdateVersion.pas"/>
			<DCCReference Include="TeeWebGallery.pas"/>
			<None Include="$(SystemRoot)\microsoft.net\framework\v1.1.4322\System.Windows.Forms.dll">
				<AssemblyName/>
				<HintPath>$(SystemRoot)\microsoft.net\framework\v1.1.4322\System.Windows.Forms.dll</HintPath>
				<AssemblyTag>$(SystemRoot)\microsoft.net\framework\v1.1.4322\System.Windows.Forms.dll</AssemblyTag>
			</None>
			<BuildConfiguration Include="Debug">
				<Key>Cfg_2</Key>
				<CfgParent>Base</CfgParent>
			</BuildConfiguration>
			<BuildConfiguration Include="Base">
				<Key>Base</Key>
			</BuildConfiguration>
			<BuildConfiguration Include="Release">
				<Key>Cfg_1</Key>
				<CfgParent>Base</CfgParent>
			</BuildConfiguration>
		</ItemGroup>
		<Import Condition="Exists('$(APPDATA)\Embarcadero\$(BDSAPPDATABASEDIR)\$(PRODUCTVERSION)\UserTools.proj')" Project="$(APPDATA)\Embarcadero\$(BDSAPPDATABASEDIR)\$(PRODUCTVERSION)\UserTools.proj"/>
	</Project>
